// !$*UTF8*$!
{
	archiveVersion = 1;
	classes = {
	};
	objectVersion = 48;
	objects = {

/* Begin PBXBuildFile section */
		0241AA3C206E7BEB00AD078D /* Socket_API.swift in Sources */ = {isa = PBXBuildFile; fileRef = 0241AA3B206E7BEA00AD078D /* Socket_API.swift */; };
		0241AA3E206E7FE100AD078D /* ResponseMessage.swift in Sources */ = {isa = PBXBuildFile; fileRef = 0241AA3D206E7FE100AD078D /* ResponseMessage.swift */; };
		0246B75B2062C0240043506F /* AppDelegate.swift in Sources */ = {isa = PBXBuildFile; fileRef = 0246B75A2062C0240043506F /* AppDelegate.swift */; };
		0246B75D2062C0240043506F /* MainViewController.swift in Sources */ = {isa = PBXBuildFile; fileRef = 0246B75C2062C0240043506F /* MainViewController.swift */; };
		0246B7602062C0240043506F /* Main.storyboard in Resources */ = {isa = PBXBuildFile; fileRef = 0246B75E2062C0240043506F /* Main.storyboard */; };
		0246B7622062C0240043506F /* Assets.xcassets in Resources */ = {isa = PBXBuildFile; fileRef = 0246B7612062C0240043506F /* Assets.xcassets */; };
		0246B7652062C0240043506F /* LaunchScreen.storyboard in Resources */ = {isa = PBXBuildFile; fileRef = 0246B7632062C0240043506F /* LaunchScreen.storyboard */; };
		02574006207FEF2E001FB32C /* MenuScreen.storyboard in Resources */ = {isa = PBXBuildFile; fileRef = 02574005207FEF2E001FB32C /* MenuScreen.storyboard */; };
		0266E55C2062C3A200326EF0 /* LoginViewController.swift in Sources */ = {isa = PBXBuildFile; fileRef = 0266E55B2062C3A200326EF0 /* LoginViewController.swift */; };
		0266E55E2062C3B700326EF0 /* RegistrationViewController.swift in Sources */ = {isa = PBXBuildFile; fileRef = 0266E55D2062C3B700326EF0 /* RegistrationViewController.swift */; };
		0266E5622062D89200326EF0 /* ExampleViewController.swift in Sources */ = {isa = PBXBuildFile; fileRef = 0266E5612062D89200326EF0 /* ExampleViewController.swift */; };
		02B465AD2075635D0009667E /* LoginRequest.swift in Sources */ = {isa = PBXBuildFile; fileRef = 02B465AC2075635D0009667E /* LoginRequest.swift */; };
		02B465AF207563750009667E /* RegisterRequest.swift in Sources */ = {isa = PBXBuildFile; fileRef = 02B465AE207563750009667E /* RegisterRequest.swift */; };
		02E5BCE2207A3F5000272CFD /* UserProfile.swift in Sources */ = {isa = PBXBuildFile; fileRef = 02E5BCE1207A3F5000272CFD /* UserProfile.swift */; };
		C8971F5C313E5782F276FFE8 /* Pods_GuessTheSong.framework in Frameworks */ = {isa = PBXBuildFile; fileRef = 10E95A2EF5B7252B0A3BCFC5 /* Pods_GuessTheSong.framework */; };
/* End PBXBuildFile section */

/* Begin PBXFileReference section */
		0241AA3B206E7BEA00AD078D /* Socket_API.swift */ = {isa = PBXFileReference; lastKnownFileType = sourcecode.swift; path = Socket_API.swift; sourceTree = "<group>"; };
		0241AA3D206E7FE100AD078D /* ResponseMessage.swift */ = {isa = PBXFileReference; lastKnownFileType = sourcecode.swift; path = ResponseMessage.swift; sourceTree = "<group>"; };
		0246B7572062C0240043506F /* GuessTheSong.app */ = {isa = PBXFileReference; explicitFileType = wrapper.application; includeInIndex = 0; path = GuessTheSong.app; sourceTree = BUILT_PRODUCTS_DIR; };
		0246B75A2062C0240043506F /* AppDelegate.swift */ = {isa = PBXFileReference; lastKnownFileType = sourcecode.swift; path = AppDelegate.swift; sourceTree = "<group>"; };
		0246B75C2062C0240043506F /* MainViewController.swift */ = {isa = PBXFileReference; lastKnownFileType = sourcecode.swift; path = MainViewController.swift; sourceTree = "<group>"; };
		0246B75F2062C0240043506F /* Base */ = {isa = PBXFileReference; lastKnownFileType = file.storyboard; name = Base; path = Base.lproj/Main.storyboard; sourceTree = "<group>"; };
		0246B7612062C0240043506F /* Assets.xcassets */ = {isa = PBXFileReference; lastKnownFileType = folder.assetcatalog; path = Assets.xcassets; sourceTree = "<group>"; };
		0246B7642062C0240043506F /* Base */ = {isa = PBXFileReference; lastKnownFileType = file.storyboard; name = Base; path = Base.lproj/LaunchScreen.storyboard; sourceTree = "<group>"; };
		0246B7662062C0240043506F /* Info.plist */ = {isa = PBXFileReference; lastKnownFileType = text.plist.xml; path = Info.plist; sourceTree = "<group>"; };
		02574005207FEF2E001FB32C /* MenuScreen.storyboard */ = {isa = PBXFileReference; lastKnownFileType = file.storyboard; path = MenuScreen.storyboard; sourceTree = "<group>"; };
		0266E55B2062C3A200326EF0 /* LoginViewController.swift */ = {isa = PBXFileReference; lastKnownFileType = sourcecode.swift; path = LoginViewController.swift; sourceTree = "<group>"; };
		0266E55D2062C3B700326EF0 /* RegistrationViewController.swift */ = {isa = PBXFileReference; lastKnownFileType = sourcecode.swift; path = RegistrationViewController.swift; sourceTree = "<group>"; };
		0266E5612062D89200326EF0 /* ExampleViewController.swift */ = {isa = PBXFileReference; lastKnownFileType = sourcecode.swift; path = ExampleViewController.swift; sourceTree = "<group>"; };
		02B465AC2075635D0009667E /* LoginRequest.swift */ = {isa = PBXFileReference; lastKnownFileType = sourcecode.swift; path = LoginRequest.swift; sourceTree = "<group>"; };
		02B465AE207563750009667E /* RegisterRequest.swift */ = {isa = PBXFileReference; lastKnownFileType = sourcecode.swift; path = RegisterRequest.swift; sourceTree = "<group>"; };
		02E5BCE1207A3F5000272CFD /* UserProfile.swift */ = {isa = PBXFileReference; lastKnownFileType = sourcecode.swift; path = UserProfile.swift; sourceTree = "<group>"; };
		10E95A2EF5B7252B0A3BCFC5 /* Pods_GuessTheSong.framework */ = {isa = PBXFileReference; explicitFileType = wrapper.framework; includeInIndex = 0; path = Pods_GuessTheSong.framework; sourceTree = BUILT_PRODUCTS_DIR; };
		1674BA00180422A438958E2E /* Pods-GuessTheSong.debug.xcconfig */ = {isa = PBXFileReference; includeInIndex = 1; lastKnownFileType = text.xcconfig; name = "Pods-GuessTheSong.debug.xcconfig"; path = "Pods/Target Support Files/Pods-GuessTheSong/Pods-GuessTheSong.debug.xcconfig"; sourceTree = "<group>"; };
		22E91150352D8D5C12F4BC7C /* Pods-GuessTheSong.release.xcconfig */ = {isa = PBXFileReference; includeInIndex = 1; lastKnownFileType = text.xcconfig; name = "Pods-GuessTheSong.release.xcconfig"; path = "Pods/Target Support Files/Pods-GuessTheSong/Pods-GuessTheSong.release.xcconfig"; sourceTree = "<group>"; };
/* End PBXFileReference section */

/* Begin PBXFrameworksBuildPhase section */
		0246B7542062C0240043506F /* Frameworks */ = {
			isa = PBXFrameworksBuildPhase;
			buildActionMask = 2147483647;
			files = (
				C8971F5C313E5782F276FFE8 /* Pods_GuessTheSong.framework in Frameworks */,
			);
			runOnlyForDeploymentPostprocessing = 0;
		};
/* End PBXFrameworksBuildPhase section */

/* Begin PBXGroup section */
		0246B74E2062C0240043506F = {
			isa = PBXGroup;
			children = (
				0246B7592062C0240043506F /* GuessTheSong */,
				0246B7582062C0240043506F /* Products */,
				8417ACF4DC06F2577B691E58 /* Pods */,
				AD586625267BE0475456C152 /* Frameworks */,
			);
			sourceTree = "<group>";
		};
		0246B7582062C0240043506F /* Products */ = {
			isa = PBXGroup;
			children = (
				0246B7572062C0240043506F /* GuessTheSong.app */,
			);
			name = Products;
			sourceTree = "<group>";
		};
		0246B7592062C0240043506F /* GuessTheSong */ = {
			isa = PBXGroup;
			children = (
				0246B7662062C0240043506F /* Info.plist */,
				0246B75A2062C0240043506F /* AppDelegate.swift */,
				0266E55A2062C36E00326EF0 /* Models */,
				0266E5592062C35500326EF0 /* Controllers */,
				0266E5572062C33B00326EF0 /* Views */,
				0266E5582062C34A00326EF0 /* Supporting Files */,
			);
			path = GuessTheSong;
			sourceTree = "<group>";
		};
		0266E5572062C33B00326EF0 /* Views */ = {
			isa = PBXGroup;
			children = (
				0246B75E2062C0240043506F /* Main.storyboard */,
				0246B7632062C0240043506F /* LaunchScreen.storyboard */,
				02574005207FEF2E001FB32C /* MenuScreen.storyboard */,
			);
			path = Views;
			sourceTree = "<group>";
		};
		0266E5582062C34A00326EF0 /* Supporting Files */ = {
			isa = PBXGroup;
			children = (
				0246B7612062C0240043506F /* Assets.xcassets */,
			);
			path = "Supporting Files";
			sourceTree = "<group>";
		};
		0266E5592062C35500326EF0 /* Controllers */ = {
			isa = PBXGroup;
			children = (
				0246B75C2062C0240043506F /* MainViewController.swift */,
				0266E55B2062C3A200326EF0 /* LoginViewController.swift */,
				0266E55D2062C3B700326EF0 /* RegistrationViewController.swift */,
				0266E5612062D89200326EF0 /* ExampleViewController.swift */,
			);
			path = Controllers;
			sourceTree = "<group>";
		};
		0266E55A2062C36E00326EF0 /* Models */ = {
			isa = PBXGroup;
			children = (
				0241AA3B206E7BEA00AD078D /* Socket_API.swift */,
				0241AA3D206E7FE100AD078D /* ResponseMessage.swift */,
				02B465AC2075635D0009667E /* LoginRequest.swift */,
				02B465AE207563750009667E /* RegisterRequest.swift */,
				02E5BCE1207A3F5000272CFD /* UserProfile.swift */,
			);
			name = Models;
			sourceTree = "<group>";
		};
		8417ACF4DC06F2577B691E58 /* Pods */ = {
			isa = PBXGroup;
			children = (
				1674BA00180422A438958E2E /* Pods-GuessTheSong.debug.xcconfig */,
				22E91150352D8D5C12F4BC7C /* Pods-GuessTheSong.release.xcconfig */,
			);
			name = Pods;
			sourceTree = "<group>";
		};
		AD586625267BE0475456C152 /* Frameworks */ = {
			isa = PBXGroup;
			children = (
				10E95A2EF5B7252B0A3BCFC5 /* Pods_GuessTheSong.framework */,
			);
			name = Frameworks;
			sourceTree = "<group>";
		};
/* End PBXGroup section */

/* Begin PBXNativeTarget section */
		0246B7562062C0240043506F /* GuessTheSong */ = {
			isa = PBXNativeTarget;
			buildConfigurationList = 0246B7692062C0240043506F /* Build configuration list for PBXNativeTarget "GuessTheSong" */;
			buildPhases = (
				42E92F5A82228CD36C7891A7 /* [CP] Check Pods Manifest.lock */,
				0246B7532062C0240043506F /* Sources */,
				0246B7542062C0240043506F /* Frameworks */,
				0246B7552062C0240043506F /* Resources */,
				D28AE8C6C23117E47D46B859 /* [CP] Embed Pods Frameworks */,
				BA3CBB54B1BCC02BC9294610 /* [CP] Copy Pods Resources */,
			);
			buildRules = (
			);
			dependencies = (
			);
			name = GuessTheSong;
			productName = GuessTheSong;
			productReference = 0246B7572062C0240043506F /* GuessTheSong.app */;
			productType = "com.apple.product-type.application";
		};
/* End PBXNativeTarget section */

/* Begin PBXProject section */
		0246B74F2062C0240043506F /* Project object */ = {
			isa = PBXProject;
			attributes = {
				LastSwiftUpdateCheck = 0920;
				LastUpgradeCheck = 0920;
				ORGANIZATIONNAME = "Иван Никитин";
				TargetAttributes = {
					0246B7562062C0240043506F = {
						CreatedOnToolsVersion = 9.2;
						ProvisioningStyle = Automatic;
					};
				};
			};
			buildConfigurationList = 0246B7522062C0240043506F /* Build configuration list for PBXProject "GuessTheSong" */;
			compatibilityVersion = "Xcode 8.0";
			developmentRegion = en;
			hasScannedForEncodings = 0;
			knownRegions = (
				en,
				Base,
			);
			mainGroup = 0246B74E2062C0240043506F;
			productRefGroup = 0246B7582062C0240043506F /* Products */;
			projectDirPath = "";
			projectRoot = "";
			targets = (
				0246B7562062C0240043506F /* GuessTheSong */,
			);
		};
/* End PBXProject section */

/* Begin PBXResourcesBuildPhase section */
		0246B7552062C0240043506F /* Resources */ = {
			isa = PBXResourcesBuildPhase;
			buildActionMask = 2147483647;
			files = (
				0246B7652062C0240043506F /* LaunchScreen.storyboard in Resources */,
				02574006207FEF2E001FB32C /* MenuScreen.storyboard in Resources */,
				0246B7622062C0240043506F /* Assets.xcassets in Resources */,
				0246B7602062C0240043506F /* Main.storyboard in Resources */,
			);
			runOnlyForDeploymentPostprocessing = 0;
		};
/* End PBXResourcesBuildPhase section */

/* Begin PBXShellScriptBuildPhase section */
		42E92F5A82228CD36C7891A7 /* [CP] Check Pods Manifest.lock */ = {
			isa = PBXShellScriptBuildPhase;
			buildActionMask = 2147483647;
			files = (
			);
			inputPaths = (
				"${PODS_PODFILE_DIR_PATH}/Podfile.lock",
				"${PODS_ROOT}/Manifest.lock",
			);
			name = "[CP] Check Pods Manifest.lock";
			outputPaths = (
				"$(DERIVED_FILE_DIR)/Pods-GuessTheSong-checkManifestLockResult.txt",
			);
			runOnlyForDeploymentPostprocessing = 0;
			shellPath = /bin/sh;
			shellScript = "diff \"${PODS_PODFILE_DIR_PATH}/Podfile.lock\" \"${PODS_ROOT}/Manifest.lock\" > /dev/null\nif [ $? != 0 ] ; then\n    # print error to STDERR\n    echo \"error: The sandbox is not in sync with the Podfile.lock. Run 'pod install' or update your CocoaPods installation.\" >&2\n    exit 1\nfi\n# This output is used by Xcode 'outputs' to avoid re-running this script phase.\necho \"SUCCESS\" > \"${SCRIPT_OUTPUT_FILE_0}\"\n";
			showEnvVarsInLog = 0;
		};
		BA3CBB54B1BCC02BC9294610 /* [CP] Copy Pods Resources */ = {
			isa = PBXShellScriptBuildPhase;
			buildActionMask = 2147483647;
			files = (
			);
			inputPaths = (
			);
			name = "[CP] Copy Pods Resources";
			outputPaths = (
			);
			runOnlyForDeploymentPostprocessing = 0;
			shellPath = /bin/sh;
			shellScript = "\"${SRCROOT}/Pods/Target Support Files/Pods-GuessTheSong/Pods-GuessTheSong-resources.sh\"\n";
			showEnvVarsInLog = 0;
		};
		D28AE8C6C23117E47D46B859 /* [CP] Embed Pods Frameworks */ = {
			isa = PBXShellScriptBuildPhase;
			buildActionMask = 2147483647;
			files = (
			);
			inputPaths = (
				"${SRCROOT}/Pods/Target Support Files/Pods-GuessTheSong/Pods-GuessTheSong-frameworks.sh",
				"${BUILT_PRODUCTS_DIR}/ChameleonFramework/ChameleonFramework.framework",
				"${BUILT_PRODUCTS_DIR}/ProgressHUD/ProgressHUD.framework",
				"${BUILT_PRODUCTS_DIR}/Realm/Realm.framework",
				"${BUILT_PRODUCTS_DIR}/RealmSwift/RealmSwift.framework",
				"${BUILT_PRODUCTS_DIR}/Socket.IO-Client-Swift/SocketIO.framework",
				"${BUILT_PRODUCTS_DIR}/Starscream/Starscream.framework",
				"${BUILT_PRODUCTS_DIR}/SwiftyJSON/SwiftyJSON.framework",
			);
			name = "[CP] Embed Pods Frameworks";
			outputPaths = (
				"${TARGET_BUILD_DIR}/${FRAMEWORKS_FOLDER_PATH}/ChameleonFramework.framework",
				"${TARGET_BUILD_DIR}/${FRAMEWORKS_FOLDER_PATH}/ProgressHUD.framework",
				"${TARGET_BUILD_DIR}/${FRAMEWORKS_FOLDER_PATH}/Realm.framework",
				"${TARGET_BUILD_DIR}/${FRAMEWORKS_FOLDER_PATH}/RealmSwift.framework",
				"${TARGET_BUILD_DIR}/${FRAMEWORKS_FOLDER_PATH}/SocketIO.framework",
				"${TARGET_BUILD_DIR}/${FRAMEWORKS_FOLDER_PATH}/Starscream.framework",
				"${TARGET_BUILD_DIR}/${FRAMEWORKS_FOLDER_PATH}/SwiftyJSON.framework",
			);
			runOnlyForDeploymentPostprocessing = 0;
			shellPath = /bin/sh;
			shellScript = "\"${SRCROOT}/Pods/Target Support Files/Pods-GuessTheSong/Pods-GuessTheSong-frameworks.sh\"\n";
			showEnvVarsInLog = 0;
		};
/* End PBXShellScriptBuildPhase section */

/* Begin PBXSourcesBuildPhase section */
		0246B7532062C0240043506F /* Sources */ = {
			isa = PBXSourcesBuildPhase;
			buildActionMask = 2147483647;
			files = (
				0266E55C2062C3A200326EF0 /* LoginViewController.swift in Sources */,
				0246B75D2062C0240043506F /* MainViewController.swift in Sources */,
				02E5BCE2207A3F5000272CFD /* UserProfile.swift in Sources */,
				02B465AF207563750009667E /* RegisterRequest.swift in Sources */,
				0266E55E2062C3B700326EF0 /* RegistrationViewController.swift in Sources */,
				0246B75B2062C0240043506F /* AppDelegate.swift in Sources */,
				0241AA3E206E7FE100AD078D /* ResponseMessage.swift in Sources */,
				0241AA3C206E7BEB00AD078D /* Socket_API.swift in Sources */,
				0266E5622062D89200326EF0 /* ExampleViewController.swift in Sources */,
				02B465AD2075635D0009667E /* LoginRequest.swift in Sources */,
			);
			runOnlyForDeploymentPostprocessing = 0;
		};
/* End PBXSourcesBuildPhase section */

/* Begin PBXVariantGroup section */
		0246B75E2062C0240043506F /* Main.storyboard */ = {
			isa = PBXVariantGroup;
			children = (
				0246B75F2062C0240043506F /* Base */,
			);
			name = Main.storyboard;
			sourceTree = "<group>";
		};
		0246B7632062C0240043506F /* LaunchScreen.storyboard */ = {
			isa = PBXVariantGroup;
			children = (
				0246B7642062C0240043506F /* Base */,
			);
			name = LaunchScreen.storyboard;
			sourceTree = "<group>";
		};
/* End PBXVariantGroup section */

/* Begin XCBuildConfiguration section */
		0246B7672062C0240043506F /* Debug */ = {
			isa = XCBuildConfiguration;
			buildSettings = {
				ALWAYS_SEARCH_USER_PATHS = NO;
				CLANG_ANALYZER_NONNULL = YES;
				CLANG_ANALYZER_NUMBER_OBJECT_CONVERSION = YES_AGGRESSIVE;
				CLANG_CXX_LANGUAGE_STANDARD = "gnu++14";
				CLANG_CXX_LIBRARY = "libc++";
				CLANG_ENABLE_MODULES = YES;
				CLANG_ENABLE_OBJC_ARC = YES;
				CLANG_WARN_BLOCK_CAPTURE_AUTORELEASING = YES;
				CLANG_WARN_BOOL_CONVERSION = YES;
				CLANG_WARN_COMMA = YES;
				CLANG_WARN_CONSTANT_CONVERSION = YES;
				CLANG_WARN_DIRECT_OBJC_ISA_USAGE = YES_ERROR;
				CLANG_WARN_DOCUMENTATION_COMMENTS = YES;
				CLANG_WARN_EMPTY_BODY = YES;
				CLANG_WARN_ENUM_CONVERSION = YES;
				CLANG_WARN_INFINITE_RECURSION = YES;
				CLANG_WARN_INT_CONVERSION = YES;
				CLANG_WARN_NON_LITERAL_NULL_CONVERSION = YES;
				CLANG_WARN_OBJC_LITERAL_CONVERSION = YES;
				CLANG_WARN_OBJC_ROOT_CLASS = YES_ERROR;
				CLANG_WARN_RANGE_LOOP_ANALYSIS = YES;
				CLANG_WARN_STRICT_PROTOTYPES = YES;
				CLANG_WARN_SUSPICIOUS_MOVE = YES;
				CLANG_WARN_UNGUARDED_AVAILABILITY = YES_AGGRESSIVE;
				CLANG_WARN_UNREACHABLE_CODE = YES;
				CLANG_WARN__DUPLICATE_METHOD_MATCH = YES;
				CODE_SIGN_IDENTITY = "iPhone Developer";
				COPY_PHASE_STRIP = NO;
				DEBUG_INFORMATION_FORMAT = dwarf;
				ENABLE_STRICT_OBJC_MSGSEND = YES;
				ENABLE_TESTABILITY = YES;
				ENVIRONMENT_NAME = Debug;
				GCC_C_LANGUAGE_STANDARD = gnu11;
				GCC_DYNAMIC_NO_PIC = NO;
				GCC_NO_COMMON_BLOCKS = YES;
				GCC_OPTIMIZATION_LEVEL = 0;
				GCC_PREPROCESSOR_DEFINITIONS = (
					"DEBUG=1",
					"$(inherited)",
				);
				GCC_WARN_64_TO_32_BIT_CONVERSION = YES;
				GCC_WARN_ABOUT_RETURN_TYPE = YES_ERROR;
				GCC_WARN_UNDECLARED_SELECTOR = YES;
				GCC_WARN_UNINITIALIZED_AUTOS = YES_AGGRESSIVE;
				GCC_WARN_UNUSED_FUNCTION = YES;
				GCC_WARN_UNUSED_VARIABLE = YES;
				HOST_NAME = "http://85.143.211.98:50340";
				IPHONEOS_DEPLOYMENT_TARGET = 11.2;
				MTL_ENABLE_DEBUG_INFO = YES;
				ONLY_ACTIVE_ARCH = YES;
				SDKROOT = iphoneos;
				SWIFT_ACTIVE_COMPILATION_CONDITIONS = DEBUG;
				SWIFT_OPTIMIZATION_LEVEL = "-Onone";
			};
			name = Debug;
		};
		0246B7682062C0240043506F /* Release */ = {
			isa = XCBuildConfiguration;
			buildSettings = {
				ALWAYS_SEARCH_USER_PATHS = NO;
				CLANG_ANALYZER_NONNULL = YES;
				CLANG_ANALYZER_NUMBER_OBJECT_CONVERSION = YES_AGGRESSIVE;
				CLANG_CXX_LANGUAGE_STANDARD = "gnu++14";
				CLANG_CXX_LIBRARY = "libc++";
				CLANG_ENABLE_MODULES = YES;
				CLANG_ENABLE_OBJC_ARC = YES;
				CLANG_WARN_BLOCK_CAPTURE_AUTORELEASING = YES;
				CLANG_WARN_BOOL_CONVERSION = YES;
				CLANG_WARN_COMMA = YES;
				CLANG_WARN_CONSTANT_CONVERSION = YES;
				CLANG_WARN_DIRECT_OBJC_ISA_USAGE = YES_ERROR;
				CLANG_WARN_DOCUMENTATION_COMMENTS = YES;
				CLANG_WARN_EMPTY_BODY = YES;
				CLANG_WARN_ENUM_CONVERSION = YES;
				CLANG_WARN_INFINITE_RECURSION = YES;
				CLANG_WARN_INT_CONVERSION = YES;
				CLANG_WARN_NON_LITERAL_NULL_CONVERSION = YES;
				CLANG_WARN_OBJC_LITERAL_CONVERSION = YES;
				CLANG_WARN_OBJC_ROOT_CLASS = YES_ERROR;
				CLANG_WARN_RANGE_LOOP_ANALYSIS = YES;
				CLANG_WARN_STRICT_PROTOTYPES = YES;
				CLANG_WARN_SUSPICIOUS_MOVE = YES;
				CLANG_WARN_UNGUARDED_AVAILABILITY = YES_AGGRESSIVE;
				CLANG_WARN_UNREACHABLE_CODE = YES;
				CLANG_WARN__DUPLICATE_METHOD_MATCH = YES;
				CODE_SIGN_IDENTITY = "iPhone Developer";
				COPY_PHASE_STRIP = NO;
				DEBUG_INFORMATION_FORMAT = "dwarf-with-dsym";
				ENABLE_NS_ASSERTIONS = NO;
				ENABLE_STRICT_OBJC_MSGSEND = YES;
				ENVIRONMENT_NAME = Release;
				GCC_C_LANGUAGE_STANDARD = gnu11;
				GCC_NO_COMMON_BLOCKS = YES;
				GCC_WARN_64_TO_32_BIT_CONVERSION = YES;
				GCC_WARN_ABOUT_RETURN_TYPE = YES_ERROR;
				GCC_WARN_UNDECLARED_SELECTOR = YES;
				GCC_WARN_UNINITIALIZED_AUTOS = YES_AGGRESSIVE;
				GCC_WARN_UNUSED_FUNCTION = YES;
				GCC_WARN_UNUSED_VARIABLE = YES;
				HOST_NAME = "http://85.143.211.98:50340";
				IPHONEOS_DEPLOYMENT_TARGET = 11.2;
				MTL_ENABLE_DEBUG_INFO = NO;
				SDKROOT = iphoneos;
				SWIFT_OPTIMIZATION_LEVEL = "-Owholemodule";
				VALIDATE_PRODUCT = YES;
			};
			name = Release;
		};
		0246B76A2062C0240043506F /* Debug */ = {
			isa = XCBuildConfiguration;
			baseConfigurationReference = 1674BA00180422A438958E2E /* Pods-GuessTheSong.debug.xcconfig */;
			buildSettings = {
				ASSETCATALOG_COMPILER_APPICON_NAME = AppIcon;
				CODE_SIGN_STYLE = Automatic;
				DEVELOPMENT_TEAM = C897U44A5R;
				INFOPLIST_FILE = GuessTheSong/Info.plist;
				LD_RUNPATH_SEARCH_PATHS = "$(inherited) @executable_path/Frameworks";
				PRODUCT_BUNDLE_IDENTIFIER = "com.nikmc-i.GuessTheSong";
				PRODUCT_NAME = "$(TARGET_NAME)";
				SWIFT_VERSION = 4.0;
				TARGETED_DEVICE_FAMILY = "1,2";
			};
			name = Debug;
		};
		0246B76B2062C0240043506F /* Release */ = {
			isa = XCBuildConfiguration;
			baseConfigurationReference = 22E91150352D8D5C12F4BC7C /* Pods-GuessTheSong.release.xcconfig */;
			buildSettings = {
				ASSETCATALOG_COMPILER_APPICON_NAME = AppIcon;
				CODE_SIGN_STYLE = Automatic;
				DEVELOPMENT_TEAM = C897U44A5R;
				INFOPLIST_FILE = GuessTheSong/Info.plist;
				LD_RUNPATH_SEARCH_PATHS = "$(inherited) @executable_path/Frameworks";
				PRODUCT_BUNDLE_IDENTIFIER = "com.nikmc-i.GuessTheSong";
				PRODUCT_NAME = "$(TARGET_NAME)";
				SWIFT_VERSION = 4.0;
				TARGETED_DEVICE_FAMILY = "1,2";
			};
			name = Release;
		};
		02E5BCDD207A17FC00272CFD /* Debug-Testing */ = {
			isa = XCBuildConfiguration;
			buildSettings = {
				ALWAYS_SEARCH_USER_PATHS = NO;
				CLANG_ANALYZER_NONNULL = YES;
				CLANG_ANALYZER_NUMBER_OBJECT_CONVERSION = YES_AGGRESSIVE;
				CLANG_CXX_LANGUAGE_STANDARD = "gnu++14";
				CLANG_CXX_LIBRARY = "libc++";
				CLANG_ENABLE_MODULES = YES;
				CLANG_ENABLE_OBJC_ARC = YES;
				CLANG_WARN_BLOCK_CAPTURE_AUTORELEASING = YES;
				CLANG_WARN_BOOL_CONVERSION = YES;
				CLANG_WARN_COMMA = YES;
				CLANG_WARN_CONSTANT_CONVERSION = YES;
				CLANG_WARN_DIRECT_OBJC_ISA_USAGE = YES_ERROR;
				CLANG_WARN_DOCUMENTATION_COMMENTS = YES;
				CLANG_WARN_EMPTY_BODY = YES;
				CLANG_WARN_ENUM_CONVERSION = YES;
				CLANG_WARN_INFINITE_RECURSION = YES;
				CLANG_WARN_INT_CONVERSION = YES;
				CLANG_WARN_NON_LITERAL_NULL_CONVERSION = YES;
				CLANG_WARN_OBJC_LITERAL_CONVERSION = YES;
				CLANG_WARN_OBJC_ROOT_CLASS = YES_ERROR;
				CLANG_WARN_RANGE_LOOP_ANALYSIS = YES;
				CLANG_WARN_STRICT_PROTOTYPES = YES;
				CLANG_WARN_SUSPICIOUS_MOVE = YES;
				CLANG_WARN_UNGUARDED_AVAILABILITY = YES_AGGRESSIVE;
				CLANG_WARN_UNREACHABLE_CODE = YES;
				CLANG_WARN__DUPLICATE_METHOD_MATCH = YES;
				CODE_SIGN_IDENTITY = "iPhone Developer";
				COPY_PHASE_STRIP = NO;
				DEBUG_INFORMATION_FORMAT = dwarf;
				ENABLE_STRICT_OBJC_MSGSEND = YES;
				ENABLE_TESTABILITY = YES;
				ENVIRONMENT_NAME = "Debug-Testing";
				GCC_C_LANGUAGE_STANDARD = gnu11;
				GCC_DYNAMIC_NO_PIC = NO;
				GCC_NO_COMMON_BLOCKS = YES;
				GCC_OPTIMIZATION_LEVEL = 0;
				GCC_PREPROCESSOR_DEFINITIONS = (
					"DEBUG=1",
					"$(inherited)",
				);
				GCC_WARN_64_TO_32_BIT_CONVERSION = YES;
				GCC_WARN_ABOUT_RETURN_TYPE = YES_ERROR;
				GCC_WARN_UNDECLARED_SELECTOR = YES;
				GCC_WARN_UNINITIALIZED_AUTOS = YES_AGGRESSIVE;
				GCC_WARN_UNUSED_FUNCTION = YES;
				GCC_WARN_UNUSED_VARIABLE = YES;
				HOST_NAME = "http://85.143.211.98:50340";
				IPHONEOS_DEPLOYMENT_TARGET = 11.2;
				MTL_ENABLE_DEBUG_INFO = YES;
				ONLY_ACTIVE_ARCH = YES;
				SDKROOT = iphoneos;
				SWIFT_ACTIVE_COMPILATION_CONDITIONS = DEBUG;
				SWIFT_OPTIMIZATION_LEVEL = "-Onone";
			};
			name = "Debug-Testing";
		};
		02E5BCDE207A17FC00272CFD /* Debug-Testing */ = {
			isa = XCBuildConfiguration;
			baseConfigurationReference = 1674BA00180422A438958E2E /* Pods-GuessTheSong.debug.xcconfig */;
			buildSettings = {
				ASSETCATALOG_COMPILER_APPICON_NAME = AppIcon;
				CODE_SIGN_STYLE = Automatic;
				DEVELOPMENT_TEAM = C897U44A5R;
				INFOPLIST_FILE = GuessTheSong/Info.plist;
				LD_RUNPATH_SEARCH_PATHS = "$(inherited) @executable_path/Frameworks";
				PRODUCT_BUNDLE_IDENTIFIER = "com.nikmc-i.GuessTheSong";
				PRODUCT_NAME = "$(TARGET_NAME)";
				SWIFT_VERSION = 4.0;
				TARGETED_DEVICE_FAMILY = "1,2";
			};
			name = "Debug-Testing";
		};
		02E5BCDF207A180600272CFD /* Release-Testing */ = {
			isa = XCBuildConfiguration;
			buildSettings = {
				ALWAYS_SEARCH_USER_PATHS = NO;
				CLANG_ANALYZER_NONNULL = YES;
				CLANG_ANALYZER_NUMBER_OBJECT_CONVERSION = YES_AGGRESSIVE;
				CLANG_CXX_LANGUAGE_STANDARD = "gnu++14";
				CLANG_CXX_LIBRARY = "libc++";
				CLANG_ENABLE_MODULES = YES;
				CLANG_ENABLE_OBJC_ARC = YES;
				CLANG_WARN_BLOCK_CAPTURE_AUTORELEASING = YES;
				CLANG_WARN_BOOL_CONVERSION = YES;
				CLANG_WARN_COMMA = YES;
				CLANG_WARN_CONSTANT_CONVERSION = YES;
				CLANG_WARN_DIRECT_OBJC_ISA_USAGE = YES_ERROR;
				CLANG_WARN_DOCUMENTATION_COMMENTS = YES;
				CLANG_WARN_EMPTY_BODY = YES;
				CLANG_WARN_ENUM_CONVERSION = YES;
				CLANG_WARN_INFINITE_RECURSION = YES;
				CLANG_WARN_INT_CONVERSION = YES;
				CLANG_WARN_NON_LITERAL_NULL_CONVERSION = YES;
				CLANG_WARN_OBJC_LITERAL_CONVERSION = YES;
				CLANG_WARN_OBJC_ROOT_CLASS = YES_ERROR;
				CLANG_WARN_RANGE_LOOP_ANALYSIS = YES;
				CLANG_WARN_STRICT_PROTOTYPES = YES;
				CLANG_WARN_SUSPICIOUS_MOVE = YES;
				CLANG_WARN_UNGUARDED_AVAILABILITY = YES_AGGRESSIVE;
				CLANG_WARN_UNREACHABLE_CODE = YES;
				CLANG_WARN__DUPLICATE_METHOD_MATCH = YES;
				CODE_SIGN_IDENTITY = "iPhone Developer";
				COPY_PHASE_STRIP = NO;
				DEBUG_INFORMATION_FORMAT = "dwarf-with-dsym";
				ENABLE_NS_ASSERTIONS = NO;
				ENABLE_STRICT_OBJC_MSGSEND = YES;
				ENVIRONMENT_NAME = "Release-Testing";
				GCC_C_LANGUAGE_STANDARD = gnu11;
				GCC_NO_COMMON_BLOCKS = YES;
				GCC_WARN_64_TO_32_BIT_CONVERSION = YES;
				GCC_WARN_ABOUT_RETURN_TYPE = YES_ERROR;
				GCC_WARN_UNDECLARED_SELECTOR = YES;
				GCC_WARN_UNINITIALIZED_AUTOS = YES_AGGRESSIVE;
				GCC_WARN_UNUSED_FUNCTION = YES;
				GCC_WARN_UNUSED_VARIABLE = YES;
				HOST_NAME = "http://85.143.211.98:50340";
				IPHONEOS_DEPLOYMENT_TARGET = 11.2;
				MTL_ENABLE_DEBUG_INFO = NO;
				SDKROOT = iphoneos;
				SWIFT_OPTIMIZATION_LEVEL = "-Owholemodule";
				VALIDATE_PRODUCT = YES;
			};
			name = "Release-Testing";
		};
		02E5BCE0207A180600272CFD /* Release-Testing */ = {
			isa = XCBuildConfiguration;
			baseConfigurationReference = 22E91150352D8D5C12F4BC7C /* Pods-GuessTheSong.release.xcconfig */;
			buildSettings = {
				ASSETCATALOG_COMPILER_APPICON_NAME = AppIcon;
				CODE_SIGN_STYLE = Automatic;
				DEVELOPMENT_TEAM = C897U44A5R;
				INFOPLIST_FILE = GuessTheSong/Info.plist;
				LD_RUNPATH_SEARCH_PATHS = "$(inherited) @executable_path/Frameworks";
				PRODUCT_BUNDLE_IDENTIFIER = "com.nikmc-i.GuessTheSong";
				PRODUCT_NAME = "$(TARGET_NAME)";
				SWIFT_VERSION = 4.0;
				TARGETED_DEVICE_FAMILY = "1,2";
			};
			name = "Release-Testing";
		};
/* End XCBuildConfiguration section */

/* Begin XCConfigurationList section */
		0246B7522062C0240043506F /* Build configuration list for PBXProject "GuessTheSong" */ = {
			isa = XCConfigurationList;
			buildConfigurations = (
				0246B7672062C0240043506F /* Debug */,
				02E5BCDD207A17FC00272CFD /* Debug-Testing */,
				0246B7682062C0240043506F /* Release */,
				02E5BCDF207A180600272CFD /* Release-Testing */,
			);
			defaultConfigurationIsVisible = 0;
			defaultConfigurationName = Release;
		};
		0246B7692062C0240043506F /* Build configuration list for PBXNativeTarget "GuessTheSong" */ = {
			isa = XCConfigurationList;
			buildConfigurations = (
				0246B76A2062C0240043506F /* Debug */,
				02E5BCDE207A17FC00272CFD /* Debug-Testing */,
				0246B76B2062C0240043506F /* Release */,
				02E5BCE0207A180600272CFD /* Release-Testing */,
			);
			defaultConfigurationIsVisible = 0;
			defaultConfigurationName = Release;
		};
/* End XCConfigurationList section */
	};
	rootObject = 0246B74F2062C0240043506F /* Project object */;
}
