// !$*UTF8*$!
{
	archiveVersion = 1;
	classes = {
	};
	objectVersion = 48;
	objects = {

/* Begin PBXBuildFile section */
		021F1CE1213DB1E200A8E010 /* UIColor+Extension.swift in Sources */ = {isa = PBXBuildFile; fileRef = 021F1CE0213DB1E200A8E010 /* UIColor+Extension.swift */; };
		021F1CE3213DB7F600A8E010 /* UIAnswers.swift in Sources */ = {isa = PBXBuildFile; fileRef = 021F1CE2213DB7F600A8E010 /* UIAnswers.swift */; };
		0220380620CAABCA00AF0B0D /* PrepareMultiPlayViewController.swift in Sources */ = {isa = PBXBuildFile; fileRef = 0220380520CAABCA00AF0B0D /* PrepareMultiPlayViewController.swift */; };
		023D679C213DCCDF005D13CE /* Box.swift in Sources */ = {isa = PBXBuildFile; fileRef = 023D679B213DCCDF005D13CE /* Box.swift */; };
		023D679E213E6A91005D13CE /* FinishGameRequest.swift in Sources */ = {isa = PBXBuildFile; fileRef = 023D679D213E6A91005D13CE /* FinishGameRequest.swift */; };
		023D67A0213E6BFB005D13CE /* FinishGameResponse.swift in Sources */ = {isa = PBXBuildFile; fileRef = 023D679F213E6BFB005D13CE /* FinishGameResponse.swift */; };
		023D67A2213E6CC6005D13CE /* FinishGameOperation.swift in Sources */ = {isa = PBXBuildFile; fileRef = 023D67A1213E6CC6005D13CE /* FinishGameOperation.swift */; };
		023E7F4620B15B9000DDFC39 /* PrepareSinglePlayViewController.swift in Sources */ = {isa = PBXBuildFile; fileRef = 023E7F4520B15B9000DDFC39 /* PrepareSinglePlayViewController.swift */; };
		0241AA3C206E7BEB00AD078D /* Socket_API.swift in Sources */ = {isa = PBXBuildFile; fileRef = 0241AA3B206E7BEA00AD078D /* Socket_API.swift */; };
		0241AA3E206E7FE100AD078D /* ResponseMessage.swift in Sources */ = {isa = PBXBuildFile; fileRef = 0241AA3D206E7FE100AD078D /* ResponseMessage.swift */; };
		0246B75B2062C0240043506F /* AppDelegate.swift in Sources */ = {isa = PBXBuildFile; fileRef = 0246B75A2062C0240043506F /* AppDelegate.swift */; };
		0246B75D2062C0240043506F /* MainViewController.swift in Sources */ = {isa = PBXBuildFile; fileRef = 0246B75C2062C0240043506F /* MainViewController.swift */; };
		0246B7602062C0240043506F /* Main.storyboard in Resources */ = {isa = PBXBuildFile; fileRef = 0246B75E2062C0240043506F /* Main.storyboard */; };
		0246B7652062C0240043506F /* LaunchScreen.storyboard in Resources */ = {isa = PBXBuildFile; fileRef = 0246B7632062C0240043506F /* LaunchScreen.storyboard */; };
		024F9CDD20E2E5A600935310 /* BackendConfiguration.swift in Sources */ = {isa = PBXBuildFile; fileRef = 024F9CDC20E2E5A600935310 /* BackendConfiguration.swift */; };
		024F9CDF20E2E6EF00935310 /* ServiceOperation.swift in Sources */ = {isa = PBXBuildFile; fileRef = 024F9CDE20E2E6EF00935310 /* ServiceOperation.swift */; };
		0259E5B9214186DE0098101E /* UILives.swift in Sources */ = {isa = PBXBuildFile; fileRef = 0259E5B8214186DD0098101E /* UILives.swift */; };
		0259E5C52144078D0098101E /* FinishGameViewController.swift in Sources */ = {isa = PBXBuildFile; fileRef = 0259E5C42144078D0098101E /* FinishGameViewController.swift */; };
		0259E5C721440FB10098101E /* FinishGameViewModel.swift in Sources */ = {isa = PBXBuildFile; fileRef = 0259E5C621440FB10098101E /* FinishGameViewModel.swift */; };
		0259E5C921440FDA0098101E /* FinishGameModelType.swift in Sources */ = {isa = PBXBuildFile; fileRef = 0259E5C821440FDA0098101E /* FinishGameModelType.swift */; };
		0259E5CB21441B9F0098101E /* WaitingRoomMultiPlayModelType.swift in Sources */ = {isa = PBXBuildFile; fileRef = 0259E5CA21441B9F0098101E /* WaitingRoomMultiPlayModelType.swift */; };
		0259E5CD21441BB40098101E /* WaitingRoomMultiPlayViewModel.swift in Sources */ = {isa = PBXBuildFile; fileRef = 0259E5CC21441BB40098101E /* WaitingRoomMultiPlayViewModel.swift */; };
		025B046120E0F7630006B7A4 /* Localizable.strings in Resources */ = {isa = PBXBuildFile; fileRef = 025B045F20E0F7630006B7A4 /* Localizable.strings */; };
		025B046320E0FB1A0006B7A4 /* MenuScreen.storyboard in Resources */ = {isa = PBXBuildFile; fileRef = 025B046520E0FB1A0006B7A4 /* MenuScreen.storyboard */; };
		025CAD8520945B4B00177A6C /* SinglePlayerLevelsViewController.swift in Sources */ = {isa = PBXBuildFile; fileRef = 025CAD8320945B4B00177A6C /* SinglePlayerLevelsViewController.swift */; };
		025CAD8820945CDF00177A6C /* Level.swift in Sources */ = {isa = PBXBuildFile; fileRef = 025CAD8720945CDF00177A6C /* Level.swift */; };
		0263AD1520BF239500BBC32B /* LevelData.swift in Sources */ = {isa = PBXBuildFile; fileRef = 0263AD1420BF239500BBC32B /* LevelData.swift */; };
		0266E55C2062C3A200326EF0 /* LoginViewController.swift in Sources */ = {isa = PBXBuildFile; fileRef = 0266E55B2062C3A200326EF0 /* LoginViewController.swift */; };
		0266E55E2062C3B700326EF0 /* RegistrationViewController.swift in Sources */ = {isa = PBXBuildFile; fileRef = 0266E55D2062C3B700326EF0 /* RegistrationViewController.swift */; };
		0266E5622062D89200326EF0 /* MenuViewController.swift in Sources */ = {isa = PBXBuildFile; fileRef = 0266E5612062D89200326EF0 /* MenuViewController.swift */; };
		0267AE5E20E296DB00E1E14E /* BackendAPIRequest.swift in Sources */ = {isa = PBXBuildFile; fileRef = 0267AE5D20E296DB00E1E14E /* BackendAPIRequest.swift */; };
		0267AE6020E2984900E1E14E /* NetworkService.swift in Sources */ = {isa = PBXBuildFile; fileRef = 0267AE5F20E2984900E1E14E /* NetworkService.swift */; };
		02743AF9210218B60031322D /* SignUpOperation.swift in Sources */ = {isa = PBXBuildFile; fileRef = 02743AF8210218B60031322D /* SignUpOperation.swift */; };
		02743AFB210219230031322D /* SignUpRequest.swift in Sources */ = {isa = PBXBuildFile; fileRef = 02743AFA210219230031322D /* SignUpRequest.swift */; };
		02743AFD21021B0F0031322D /* SinglePlayerLevelsRequest.swift in Sources */ = {isa = PBXBuildFile; fileRef = 02743AFC21021B0F0031322D /* SinglePlayerLevelsRequest.swift */; };
		02743AFF21021BB70031322D /* ProfileRequest.swift in Sources */ = {isa = PBXBuildFile; fileRef = 02743AFE21021BB70031322D /* ProfileRequest.swift */; };
		02743B0121021C0F0031322D /* LevelOfUserRequest.swift in Sources */ = {isa = PBXBuildFile; fileRef = 02743B0021021C0F0031322D /* LevelOfUserRequest.swift */; };
		02743B0321021C7E0031322D /* UpdateLevelOfUserRequest.swift in Sources */ = {isa = PBXBuildFile; fileRef = 02743B0221021C7E0031322D /* UpdateLevelOfUserRequest.swift */; };
		027A4AD921235FA8007C0036 /* SignInResponse.swift in Sources */ = {isa = PBXBuildFile; fileRef = 027A4AD821235FA8007C0036 /* SignInResponse.swift */; };
		027A4ADB21236057007C0036 /* SignUpResponse.swift in Sources */ = {isa = PBXBuildFile; fileRef = 027A4ADA21236057007C0036 /* SignUpResponse.swift */; };
		02884CF6211415A500309B06 /* LevelsOfSinglePlayViewModel.swift in Sources */ = {isa = PBXBuildFile; fileRef = 02884CF5211415A500309B06 /* LevelsOfSinglePlayViewModel.swift */; };
		02884CF8211415CC00309B06 /* LevelsCollectionModelType.swift in Sources */ = {isa = PBXBuildFile; fileRef = 02884CF7211415CC00309B06 /* LevelsCollectionModelType.swift */; };
		02884CFA2114161900309B06 /* CollectionViewCellModelType.swift in Sources */ = {isa = PBXBuildFile; fileRef = 02884CF92114161900309B06 /* CollectionViewCellModelType.swift */; };
		02884CFC2114165200309B06 /* CollectionViewCellViewModel.swift in Sources */ = {isa = PBXBuildFile; fileRef = 02884CFB2114165200309B06 /* CollectionViewCellViewModel.swift */; };
		02884CFE2114169400309B06 /* PrepareGameModelType.swift in Sources */ = {isa = PBXBuildFile; fileRef = 02884CFD2114169400309B06 /* PrepareGameModelType.swift */; };
		02940C0421181F7C005CE8B7 /* Assets.xcassets in Resources */ = {isa = PBXBuildFile; fileRef = 02940C0321181F7B005CE8B7 /* Assets.xcassets */; };
		02940C0621182818005CE8B7 /* GameScreen.storyboard in Resources */ = {isa = PBXBuildFile; fileRef = 02940C0521182818005CE8B7 /* GameScreen.storyboard */; };
		02940C0B21186783005CE8B7 /* FullDataLevel.swift in Sources */ = {isa = PBXBuildFile; fileRef = 02940C0A21186782005CE8B7 /* FullDataLevel.swift */; };
		02940C0D21186BDB005CE8B7 /* UserProfile.swift in Sources */ = {isa = PBXBuildFile; fileRef = 02940C0C21186BDB005CE8B7 /* UserProfile.swift */; };
		02940C0F21186CE4005CE8B7 /* ProfileInfoOperation.swift in Sources */ = {isa = PBXBuildFile; fileRef = 02940C0E21186CE4005CE8B7 /* ProfileInfoOperation.swift */; };
		02957C9920FF387400E3F231 /* BackendService.swift in Sources */ = {isa = PBXBuildFile; fileRef = 02957C9820FF387400E3F231 /* BackendService.swift */; };
		02957C9B20FF3E6400E3F231 /* NetworkBackendService.swift in Sources */ = {isa = PBXBuildFile; fileRef = 02957C9A20FF3E6400E3F231 /* NetworkBackendService.swift */; };
		02957C9E20FF41CA00E3F231 /* NetworkOperation.swift in Sources */ = {isa = PBXBuildFile; fileRef = 02957C9D20FF41CA00E3F231 /* NetworkOperation.swift */; };
		02957CA020FF6A9E00E3F231 /* NetworkQueryGenerator.swift in Sources */ = {isa = PBXBuildFile; fileRef = 02957C9F20FF6A9E00E3F231 /* NetworkQueryGenerator.swift */; };
		02957CA220FF6FF200E3F231 /* NetworkQueue.swift in Sources */ = {isa = PBXBuildFile; fileRef = 02957CA120FF6FF200E3F231 /* NetworkQueue.swift */; };
		02957CA520FF711500E3F231 /* SignInRequest.swift in Sources */ = {isa = PBXBuildFile; fileRef = 02957CA420FF711500E3F231 /* SignInRequest.swift */; };
		02A02D122119A09800EA1676 /* FullLevelOperation.swift in Sources */ = {isa = PBXBuildFile; fileRef = 02A02D112119A09800EA1676 /* FullLevelOperation.swift */; };
		02A02D142119A0D400EA1676 /* LevelInfoRequest.swift in Sources */ = {isa = PBXBuildFile; fileRef = 02A02D132119A0D400EA1676 /* LevelInfoRequest.swift */; };
		02A02D162119ADF600EA1676 /* DownloadMusicOperation.swift in Sources */ = {isa = PBXBuildFile; fileRef = 02A02D152119ADF600EA1676 /* DownloadMusicOperation.swift */; };
		02A02D182119AE1D00EA1676 /* DownloadMusicRequest.swift in Sources */ = {isa = PBXBuildFile; fileRef = 02A02D172119AE1D00EA1676 /* DownloadMusicRequest.swift */; };
		02A02D1A211ABEBB00EA1676 /* GamePlayViewController.swift in Sources */ = {isa = PBXBuildFile; fileRef = 02A02D19211ABEBB00EA1676 /* GamePlayViewController.swift */; };
		02A631252114E998002A96E3 /* PrepareSinglePlayViewModel.swift in Sources */ = {isa = PBXBuildFile; fileRef = 02A631242114E998002A96E3 /* PrepareSinglePlayViewModel.swift */; };
		02A631272114E9BF002A96E3 /* SinglePlayModelType.swift in Sources */ = {isa = PBXBuildFile; fileRef = 02A631262114E9BF002A96E3 /* SinglePlayModelType.swift */; };
		02A631292114E9CD002A96E3 /* SinglePlayViewModel.swift in Sources */ = {isa = PBXBuildFile; fileRef = 02A631282114E9CD002A96E3 /* SinglePlayViewModel.swift */; };
		02B465AD2075635D0009667E /* LoginRequest.swift in Sources */ = {isa = PBXBuildFile; fileRef = 02B465AC2075635D0009667E /* LoginRequest.swift */; };
		02B465AF207563750009667E /* RegisterRequest.swift in Sources */ = {isa = PBXBuildFile; fileRef = 02B465AE207563750009667E /* RegisterRequest.swift */; };
		02BDC2FC20CB09630072D868 /* AppDelegateEx.swift in Sources */ = {isa = PBXBuildFile; fileRef = 02BDC2FB20CB09630072D868 /* AppDelegateEx.swift */; };
		02CBC548214AB65100B88188 /* MultiPlayerRequest.swift in Sources */ = {isa = PBXBuildFile; fileRef = 02CBC547214AB65100B88188 /* MultiPlayerRequest.swift */; };
		02CBC54A214AB6A300B88188 /* MultiPlayerResponse.swift in Sources */ = {isa = PBXBuildFile; fileRef = 02CBC549214AB6A300B88188 /* MultiPlayerResponse.swift */; };
		02CBC54C214AEC1F00B88188 /* UIGSButton.swift in Sources */ = {isa = PBXBuildFile; fileRef = 02CBC54B214AEC1F00B88188 /* UIGSButton.swift */; };
		02CD0F3C2100AC0400C5B941 /* SignInOperation.swift in Sources */ = {isa = PBXBuildFile; fileRef = 02CD0F3B2100AC0400C5B941 /* SignInOperation.swift */; };
		02CFC40C214A4FE40062804B /* NotificationName + Extension.swift in Sources */ = {isa = PBXBuildFile; fileRef = 02CFC40B214A4FE40062804B /* NotificationName + Extension.swift */; };
		02D001042100AE1B00A43EA8 /* SignInModelType.swift in Sources */ = {isa = PBXBuildFile; fileRef = 02D001032100AE1B00A43EA8 /* SignInModelType.swift */; };
		02D001062100AE2C00A43EA8 /* SignInViewModel.swift in Sources */ = {isa = PBXBuildFile; fileRef = 02D001052100AE2C00A43EA8 /* SignInViewModel.swift */; };
		02D001082100AE6500A43EA8 /* SignUpModelType.swift in Sources */ = {isa = PBXBuildFile; fileRef = 02D001072100AE6500A43EA8 /* SignUpModelType.swift */; };
		02D0010A2100AE9000A43EA8 /* SignUpViewModel.swift in Sources */ = {isa = PBXBuildFile; fileRef = 02D001092100AE9000A43EA8 /* SignUpViewModel.swift */; };
		02D0010C2100AEC100A43EA8 /* MainViewModel.swift in Sources */ = {isa = PBXBuildFile; fileRef = 02D0010B2100AEC100A43EA8 /* MainViewModel.swift */; };
		02D0010E2100AED000A43EA8 /* MainModelType.swift in Sources */ = {isa = PBXBuildFile; fileRef = 02D0010D2100AED000A43EA8 /* MainModelType.swift */; };
		02D001102100AEDC00A43EA8 /* MenuModelType.swift in Sources */ = {isa = PBXBuildFile; fileRef = 02D0010F2100AEDC00A43EA8 /* MenuModelType.swift */; };
		02D001122100AEE500A43EA8 /* MenuViewModel.swift in Sources */ = {isa = PBXBuildFile; fileRef = 02D001112100AEE500A43EA8 /* MenuViewModel.swift */; };
		02D001162100B44600A43EA8 /* LevelViewCell.swift in Sources */ = {isa = PBXBuildFile; fileRef = 02D001152100B44600A43EA8 /* LevelViewCell.swift */; };
		02D0B87F20C97ED8007CE013 /* MultiPlayerScreen.storyboard in Resources */ = {isa = PBXBuildFile; fileRef = 02D0B87E20C97ED8007CE013 /* MultiPlayerScreen.storyboard */; };
		02D553EC20CE73DE009F1FE6 /* GameRequest.swift in Sources */ = {isa = PBXBuildFile; fileRef = 02D553EB20CE73DE009F1FE6 /* GameRequest.swift */; };
		02E5BCE2207A3F5000272CFD /* Profile.swift in Sources */ = {isa = PBXBuildFile; fileRef = 02E5BCE1207A3F5000272CFD /* Profile.swift */; };
		02F03E7120C012FC00A20C99 /* StorableContext.swift in Sources */ = {isa = PBXBuildFile; fileRef = 02F03E7020C012FC00A20C99 /* StorableContext.swift */; };
		02F03E7320C014B100A20C99 /* Storable.swift in Sources */ = {isa = PBXBuildFile; fileRef = 02F03E7220C014B100A20C99 /* Storable.swift */; };
		02F03E7520C0169600A20C99 /* RealmStorageContext.swift in Sources */ = {isa = PBXBuildFile; fileRef = 02F03E7420C0169600A20C99 /* RealmStorageContext.swift */; };
		02F03E7720C0181A00A20C99 /* RealmStorageContextOperations.swift in Sources */ = {isa = PBXBuildFile; fileRef = 02F03E7620C0181A00A20C99 /* RealmStorageContextOperations.swift */; };
		02F48D7221372809000D0A36 /* GSAudio.swift in Sources */ = {isa = PBXBuildFile; fileRef = 02F48D7121372809000D0A36 /* GSAudio.swift */; };
		02F48D74213735EC000D0A36 /* AudioPlayerLayer.swift in Sources */ = {isa = PBXBuildFile; fileRef = 02F48D73213735EC000D0A36 /* AudioPlayerLayer.swift */; };
		02FF12C12124B17E001A4264 /* ProfileResponse.swift in Sources */ = {isa = PBXBuildFile; fileRef = 02FF12C02124B17E001A4264 /* ProfileResponse.swift */; };
		02FF12C42124C81E001A4264 /* SongResponse.swift in Sources */ = {isa = PBXBuildFile; fileRef = 02FF12C32124C81E001A4264 /* SongResponse.swift */; };
		02FF12C62124C84D001A4264 /* SongsListResponse.swift in Sources */ = {isa = PBXBuildFile; fileRef = 02FF12C52124C84D001A4264 /* SongsListResponse.swift */; };
		02FF12C82124C86A001A4264 /* LevelsResponse.swift in Sources */ = {isa = PBXBuildFile; fileRef = 02FF12C72124C86A001A4264 /* LevelsResponse.swift */; };
		02FF12CA2124C881001A4264 /* LevelResponse.swift in Sources */ = {isa = PBXBuildFile; fileRef = 02FF12C92124C881001A4264 /* LevelResponse.swift */; };
		02FF12CC2124CFE6001A4264 /* ListOfLevelsOperation.swift in Sources */ = {isa = PBXBuildFile; fileRef = 02FF12CB2124CFE6001A4264 /* ListOfLevelsOperation.swift */; };
		02FF12CE2124D02B001A4264 /* ListOfLevelsRequest.swift in Sources */ = {isa = PBXBuildFile; fileRef = 02FF12CD2124D02B001A4264 /* ListOfLevelsRequest.swift */; };
		02FF12D0212A97A0001A4264 /* GameResponse.swift in Sources */ = {isa = PBXBuildFile; fileRef = 02FF12CF212A97A0001A4264 /* GameResponse.swift */; };
		02FF12D2212A9881001A4264 /* GamesResponse.swift in Sources */ = {isa = PBXBuildFile; fileRef = 02FF12D1212A9881001A4264 /* GamesResponse.swift */; };
		C8971F5C313E5782F276FFE8 /* Pods_GuessTheSong.framework in Frameworks */ = {isa = PBXBuildFile; fileRef = 10E95A2EF5B7252B0A3BCFC5 /* Pods_GuessTheSong.framework */; };
/* End PBXBuildFile section */

/* Begin PBXFileReference section */
		021F1CE0213DB1E200A8E010 /* UIColor+Extension.swift */ = {isa = PBXFileReference; lastKnownFileType = sourcecode.swift; path = "UIColor+Extension.swift"; sourceTree = "<group>"; };
		021F1CE2213DB7F600A8E010 /* UIAnswers.swift */ = {isa = PBXFileReference; lastKnownFileType = sourcecode.swift; path = UIAnswers.swift; sourceTree = "<group>"; };
		0220380520CAABCA00AF0B0D /* PrepareMultiPlayViewController.swift */ = {isa = PBXFileReference; lastKnownFileType = sourcecode.swift; path = PrepareMultiPlayViewController.swift; sourceTree = "<group>"; };
		023D679B213DCCDF005D13CE /* Box.swift */ = {isa = PBXFileReference; lastKnownFileType = sourcecode.swift; path = Box.swift; sourceTree = "<group>"; };
		023D679D213E6A91005D13CE /* FinishGameRequest.swift */ = {isa = PBXFileReference; lastKnownFileType = sourcecode.swift; path = FinishGameRequest.swift; sourceTree = "<group>"; };
		023D679F213E6BFB005D13CE /* FinishGameResponse.swift */ = {isa = PBXFileReference; lastKnownFileType = sourcecode.swift; path = FinishGameResponse.swift; sourceTree = "<group>"; };
		023D67A1213E6CC6005D13CE /* FinishGameOperation.swift */ = {isa = PBXFileReference; lastKnownFileType = sourcecode.swift; path = FinishGameOperation.swift; sourceTree = "<group>"; };
		023E7F4520B15B9000DDFC39 /* PrepareSinglePlayViewController.swift */ = {isa = PBXFileReference; lastKnownFileType = sourcecode.swift; path = PrepareSinglePlayViewController.swift; sourceTree = "<group>"; };
		0241AA3B206E7BEA00AD078D /* Socket_API.swift */ = {isa = PBXFileReference; lastKnownFileType = sourcecode.swift; path = Socket_API.swift; sourceTree = "<group>"; };
		0241AA3D206E7FE100AD078D /* ResponseMessage.swift */ = {isa = PBXFileReference; lastKnownFileType = sourcecode.swift; path = ResponseMessage.swift; sourceTree = "<group>"; };
		0246B7572062C0240043506F /* GuessTheSong.app */ = {isa = PBXFileReference; explicitFileType = wrapper.application; includeInIndex = 0; path = GuessTheSong.app; sourceTree = BUILT_PRODUCTS_DIR; };
		0246B75A2062C0240043506F /* AppDelegate.swift */ = {isa = PBXFileReference; lastKnownFileType = sourcecode.swift; path = AppDelegate.swift; sourceTree = "<group>"; };
		0246B75C2062C0240043506F /* MainViewController.swift */ = {isa = PBXFileReference; lastKnownFileType = sourcecode.swift; path = MainViewController.swift; sourceTree = "<group>"; };
		0246B75F2062C0240043506F /* Base */ = {isa = PBXFileReference; lastKnownFileType = file.storyboard; name = Base; path = Base.lproj/Main.storyboard; sourceTree = "<group>"; };
		0246B7642062C0240043506F /* Base */ = {isa = PBXFileReference; lastKnownFileType = file.storyboard; name = Base; path = Base.lproj/LaunchScreen.storyboard; sourceTree = "<group>"; };
		0246B7662062C0240043506F /* Info.plist */ = {isa = PBXFileReference; lastKnownFileType = text.plist.xml; path = Info.plist; sourceTree = "<group>"; };
		024F9CDC20E2E5A600935310 /* BackendConfiguration.swift */ = {isa = PBXFileReference; lastKnownFileType = sourcecode.swift; path = BackendConfiguration.swift; sourceTree = "<group>"; };
		024F9CDE20E2E6EF00935310 /* ServiceOperation.swift */ = {isa = PBXFileReference; lastKnownFileType = sourcecode.swift; path = ServiceOperation.swift; sourceTree = "<group>"; };
		0259E5B8214186DD0098101E /* UILives.swift */ = {isa = PBXFileReference; fileEncoding = 4; lastKnownFileType = sourcecode.swift; path = UILives.swift; sourceTree = "<group>"; };
		0259E5C42144078D0098101E /* FinishGameViewController.swift */ = {isa = PBXFileReference; lastKnownFileType = sourcecode.swift; path = FinishGameViewController.swift; sourceTree = "<group>"; };
		0259E5C621440FB10098101E /* FinishGameViewModel.swift */ = {isa = PBXFileReference; lastKnownFileType = sourcecode.swift; path = FinishGameViewModel.swift; sourceTree = "<group>"; };
		0259E5C821440FDA0098101E /* FinishGameModelType.swift */ = {isa = PBXFileReference; lastKnownFileType = sourcecode.swift; path = FinishGameModelType.swift; sourceTree = "<group>"; };
		0259E5CA21441B9F0098101E /* WaitingRoomMultiPlayModelType.swift */ = {isa = PBXFileReference; lastKnownFileType = sourcecode.swift; path = WaitingRoomMultiPlayModelType.swift; sourceTree = "<group>"; };
		0259E5CC21441BB40098101E /* WaitingRoomMultiPlayViewModel.swift */ = {isa = PBXFileReference; lastKnownFileType = sourcecode.swift; path = WaitingRoomMultiPlayViewModel.swift; sourceTree = "<group>"; };
		025B045D20E0F68C0006B7A4 /* he */ = {isa = PBXFileReference; lastKnownFileType = text.plist.strings; name = he; path = he.lproj/Main.strings; sourceTree = "<group>"; };
		025B045E20E0F68C0006B7A4 /* he */ = {isa = PBXFileReference; lastKnownFileType = text.plist.strings; name = he; path = he.lproj/LaunchScreen.strings; sourceTree = "<group>"; };
		025B046020E0F7630006B7A4 /* Base */ = {isa = PBXFileReference; lastKnownFileType = text.plist.strings; name = Base; path = Base.lproj/Localizable.strings; sourceTree = "<group>"; };
		025B046220E0F7810006B7A4 /* he */ = {isa = PBXFileReference; lastKnownFileType = text.plist.strings; name = he; path = he.lproj/Localizable.strings; sourceTree = "<group>"; };
		025B046420E0FB1A0006B7A4 /* Base */ = {isa = PBXFileReference; lastKnownFileType = file.storyboard; name = Base; path = Base.lproj/MenuScreen.storyboard; sourceTree = "<group>"; };
		025B046720E0FB1F0006B7A4 /* he */ = {isa = PBXFileReference; lastKnownFileType = text.plist.strings; name = he; path = he.lproj/MenuScreen.strings; sourceTree = "<group>"; };
		025CAD8320945B4B00177A6C /* SinglePlayerLevelsViewController.swift */ = {isa = PBXFileReference; lastKnownFileType = sourcecode.swift; path = SinglePlayerLevelsViewController.swift; sourceTree = "<group>"; };
		025CAD8720945CDF00177A6C /* Level.swift */ = {isa = PBXFileReference; lastKnownFileType = sourcecode.swift; path = Level.swift; sourceTree = "<group>"; };
		0263AD1420BF239500BBC32B /* LevelData.swift */ = {isa = PBXFileReference; lastKnownFileType = sourcecode.swift; path = LevelData.swift; sourceTree = "<group>"; };
		0266E55B2062C3A200326EF0 /* LoginViewController.swift */ = {isa = PBXFileReference; lastKnownFileType = sourcecode.swift; path = LoginViewController.swift; sourceTree = "<group>"; };
		0266E55D2062C3B700326EF0 /* RegistrationViewController.swift */ = {isa = PBXFileReference; lastKnownFileType = sourcecode.swift; path = RegistrationViewController.swift; sourceTree = "<group>"; };
		0266E5612062D89200326EF0 /* MenuViewController.swift */ = {isa = PBXFileReference; lastKnownFileType = sourcecode.swift; path = MenuViewController.swift; sourceTree = "<group>"; };
		0267AE5D20E296DB00E1E14E /* BackendAPIRequest.swift */ = {isa = PBXFileReference; lastKnownFileType = sourcecode.swift; path = BackendAPIRequest.swift; sourceTree = "<group>"; };
		0267AE5F20E2984900E1E14E /* NetworkService.swift */ = {isa = PBXFileReference; lastKnownFileType = sourcecode.swift; path = NetworkService.swift; sourceTree = "<group>"; };
		02743AF8210218B60031322D /* SignUpOperation.swift */ = {isa = PBXFileReference; lastKnownFileType = sourcecode.swift; path = SignUpOperation.swift; sourceTree = "<group>"; };
		02743AFA210219230031322D /* SignUpRequest.swift */ = {isa = PBXFileReference; lastKnownFileType = sourcecode.swift; path = SignUpRequest.swift; sourceTree = "<group>"; };
		02743AFC21021B0F0031322D /* SinglePlayerLevelsRequest.swift */ = {isa = PBXFileReference; lastKnownFileType = sourcecode.swift; path = SinglePlayerLevelsRequest.swift; sourceTree = "<group>"; };
		02743AFE21021BB70031322D /* ProfileRequest.swift */ = {isa = PBXFileReference; lastKnownFileType = sourcecode.swift; path = ProfileRequest.swift; sourceTree = "<group>"; };
		02743B0021021C0F0031322D /* LevelOfUserRequest.swift */ = {isa = PBXFileReference; lastKnownFileType = sourcecode.swift; path = LevelOfUserRequest.swift; sourceTree = "<group>"; };
		02743B0221021C7E0031322D /* UpdateLevelOfUserRequest.swift */ = {isa = PBXFileReference; lastKnownFileType = sourcecode.swift; path = UpdateLevelOfUserRequest.swift; sourceTree = "<group>"; };
		027A4AD821235FA8007C0036 /* SignInResponse.swift */ = {isa = PBXFileReference; lastKnownFileType = sourcecode.swift; path = SignInResponse.swift; sourceTree = "<group>"; };
		027A4ADA21236057007C0036 /* SignUpResponse.swift */ = {isa = PBXFileReference; lastKnownFileType = sourcecode.swift; path = SignUpResponse.swift; sourceTree = "<group>"; };
		02884CF5211415A500309B06 /* LevelsOfSinglePlayViewModel.swift */ = {isa = PBXFileReference; lastKnownFileType = sourcecode.swift; name = LevelsOfSinglePlayViewModel.swift; path = GuessTheSong/ViewModel/LevelsOfSinglePlayViewModel.swift; sourceTree = SOURCE_ROOT; };
		02884CF7211415CC00309B06 /* LevelsCollectionModelType.swift */ = {isa = PBXFileReference; lastKnownFileType = sourcecode.swift; path = LevelsCollectionModelType.swift; sourceTree = "<group>"; };
		02884CF92114161900309B06 /* CollectionViewCellModelType.swift */ = {isa = PBXFileReference; lastKnownFileType = sourcecode.swift; path = CollectionViewCellModelType.swift; sourceTree = "<group>"; };
		02884CFB2114165200309B06 /* CollectionViewCellViewModel.swift */ = {isa = PBXFileReference; lastKnownFileType = sourcecode.swift; path = CollectionViewCellViewModel.swift; sourceTree = "<group>"; };
		02884CFD2114169400309B06 /* PrepareGameModelType.swift */ = {isa = PBXFileReference; lastKnownFileType = sourcecode.swift; path = PrepareGameModelType.swift; sourceTree = "<group>"; };
		02940C0321181F7B005CE8B7 /* Assets.xcassets */ = {isa = PBXFileReference; lastKnownFileType = folder.assetcatalog; path = Assets.xcassets; sourceTree = "<group>"; };
		02940C0521182818005CE8B7 /* GameScreen.storyboard */ = {isa = PBXFileReference; lastKnownFileType = file.storyboard; path = GameScreen.storyboard; sourceTree = "<group>"; };
		02940C0A21186782005CE8B7 /* FullDataLevel.swift */ = {isa = PBXFileReference; lastKnownFileType = sourcecode.swift; path = FullDataLevel.swift; sourceTree = "<group>"; };
		02940C0C21186BDB005CE8B7 /* UserProfile.swift */ = {isa = PBXFileReference; lastKnownFileType = sourcecode.swift; path = UserProfile.swift; sourceTree = "<group>"; };
		02940C0E21186CE4005CE8B7 /* ProfileInfoOperation.swift */ = {isa = PBXFileReference; lastKnownFileType = sourcecode.swift; path = ProfileInfoOperation.swift; sourceTree = "<group>"; };
		02957C9820FF387400E3F231 /* BackendService.swift */ = {isa = PBXFileReference; lastKnownFileType = sourcecode.swift; path = BackendService.swift; sourceTree = "<group>"; };
		02957C9A20FF3E6400E3F231 /* NetworkBackendService.swift */ = {isa = PBXFileReference; lastKnownFileType = sourcecode.swift; path = NetworkBackendService.swift; sourceTree = "<group>"; };
		02957C9D20FF41CA00E3F231 /* NetworkOperation.swift */ = {isa = PBXFileReference; lastKnownFileType = sourcecode.swift; path = NetworkOperation.swift; sourceTree = "<group>"; };
		02957C9F20FF6A9E00E3F231 /* NetworkQueryGenerator.swift */ = {isa = PBXFileReference; lastKnownFileType = sourcecode.swift; path = NetworkQueryGenerator.swift; sourceTree = "<group>"; };
		02957CA120FF6FF200E3F231 /* NetworkQueue.swift */ = {isa = PBXFileReference; lastKnownFileType = sourcecode.swift; path = NetworkQueue.swift; sourceTree = "<group>"; };
		02957CA420FF711500E3F231 /* SignInRequest.swift */ = {isa = PBXFileReference; lastKnownFileType = sourcecode.swift; path = SignInRequest.swift; sourceTree = "<group>"; };
		02A02D112119A09800EA1676 /* FullLevelOperation.swift */ = {isa = PBXFileReference; lastKnownFileType = sourcecode.swift; path = FullLevelOperation.swift; sourceTree = "<group>"; };
		02A02D132119A0D400EA1676 /* LevelInfoRequest.swift */ = {isa = PBXFileReference; lastKnownFileType = sourcecode.swift; path = LevelInfoRequest.swift; sourceTree = "<group>"; };
		02A02D152119ADF600EA1676 /* DownloadMusicOperation.swift */ = {isa = PBXFileReference; lastKnownFileType = sourcecode.swift; path = DownloadMusicOperation.swift; sourceTree = "<group>"; };
		02A02D172119AE1D00EA1676 /* DownloadMusicRequest.swift */ = {isa = PBXFileReference; lastKnownFileType = sourcecode.swift; path = DownloadMusicRequest.swift; sourceTree = "<group>"; };
		02A02D19211ABEBB00EA1676 /* GamePlayViewController.swift */ = {isa = PBXFileReference; lastKnownFileType = sourcecode.swift; path = GamePlayViewController.swift; sourceTree = "<group>"; };
		02A631242114E998002A96E3 /* PrepareSinglePlayViewModel.swift */ = {isa = PBXFileReference; fileEncoding = 4; lastKnownFileType = sourcecode.swift; path = PrepareSinglePlayViewModel.swift; sourceTree = "<group>"; };
		02A631262114E9BF002A96E3 /* SinglePlayModelType.swift */ = {isa = PBXFileReference; lastKnownFileType = sourcecode.swift; path = SinglePlayModelType.swift; sourceTree = "<group>"; };
		02A631282114E9CD002A96E3 /* SinglePlayViewModel.swift */ = {isa = PBXFileReference; lastKnownFileType = sourcecode.swift; path = SinglePlayViewModel.swift; sourceTree = "<group>"; };
		02B465AC2075635D0009667E /* LoginRequest.swift */ = {isa = PBXFileReference; lastKnownFileType = sourcecode.swift; path = LoginRequest.swift; sourceTree = "<group>"; };
		02B465AE207563750009667E /* RegisterRequest.swift */ = {isa = PBXFileReference; lastKnownFileType = sourcecode.swift; path = RegisterRequest.swift; sourceTree = "<group>"; };
		02BDC2FB20CB09630072D868 /* AppDelegateEx.swift */ = {isa = PBXFileReference; lastKnownFileType = sourcecode.swift; path = AppDelegateEx.swift; sourceTree = "<group>"; };
		02CBC547214AB65100B88188 /* MultiPlayerRequest.swift */ = {isa = PBXFileReference; lastKnownFileType = sourcecode.swift; path = MultiPlayerRequest.swift; sourceTree = "<group>"; };
		02CBC549214AB6A300B88188 /* MultiPlayerResponse.swift */ = {isa = PBXFileReference; lastKnownFileType = sourcecode.swift; path = MultiPlayerResponse.swift; sourceTree = "<group>"; };
		02CBC54B214AEC1F00B88188 /* UIGSButton.swift */ = {isa = PBXFileReference; lastKnownFileType = sourcecode.swift; path = UIGSButton.swift; sourceTree = "<group>"; };
		02CD0F3B2100AC0400C5B941 /* SignInOperation.swift */ = {isa = PBXFileReference; lastKnownFileType = sourcecode.swift; path = SignInOperation.swift; sourceTree = "<group>"; };
		02CFC40B214A4FE40062804B /* NotificationName + Extension.swift */ = {isa = PBXFileReference; lastKnownFileType = sourcecode.swift; path = "NotificationName + Extension.swift"; sourceTree = "<group>"; };
		02D001032100AE1B00A43EA8 /* SignInModelType.swift */ = {isa = PBXFileReference; lastKnownFileType = sourcecode.swift; path = SignInModelType.swift; sourceTree = "<group>"; };
		02D001052100AE2C00A43EA8 /* SignInViewModel.swift */ = {isa = PBXFileReference; lastKnownFileType = sourcecode.swift; path = SignInViewModel.swift; sourceTree = "<group>"; };
		02D001072100AE6500A43EA8 /* SignUpModelType.swift */ = {isa = PBXFileReference; lastKnownFileType = sourcecode.swift; path = SignUpModelType.swift; sourceTree = "<group>"; };
		02D001092100AE9000A43EA8 /* SignUpViewModel.swift */ = {isa = PBXFileReference; lastKnownFileType = sourcecode.swift; path = SignUpViewModel.swift; sourceTree = "<group>"; };
		02D0010B2100AEC100A43EA8 /* MainViewModel.swift */ = {isa = PBXFileReference; lastKnownFileType = sourcecode.swift; path = MainViewModel.swift; sourceTree = "<group>"; };
		02D0010D2100AED000A43EA8 /* MainModelType.swift */ = {isa = PBXFileReference; lastKnownFileType = sourcecode.swift; path = MainModelType.swift; sourceTree = "<group>"; };
		02D0010F2100AEDC00A43EA8 /* MenuModelType.swift */ = {isa = PBXFileReference; lastKnownFileType = sourcecode.swift; path = MenuModelType.swift; sourceTree = "<group>"; };
		02D001112100AEE500A43EA8 /* MenuViewModel.swift */ = {isa = PBXFileReference; lastKnownFileType = sourcecode.swift; path = MenuViewModel.swift; sourceTree = "<group>"; };
		02D001152100B44600A43EA8 /* LevelViewCell.swift */ = {isa = PBXFileReference; fileEncoding = 4; lastKnownFileType = sourcecode.swift; path = LevelViewCell.swift; sourceTree = "<group>"; };
		02D0B87E20C97ED8007CE013 /* MultiPlayerScreen.storyboard */ = {isa = PBXFileReference; lastKnownFileType = file.storyboard; path = MultiPlayerScreen.storyboard; sourceTree = "<group>"; };
		02D553EB20CE73DE009F1FE6 /* GameRequest.swift */ = {isa = PBXFileReference; lastKnownFileType = sourcecode.swift; path = GameRequest.swift; sourceTree = "<group>"; };
		02E5BCE1207A3F5000272CFD /* Profile.swift */ = {isa = PBXFileReference; lastKnownFileType = sourcecode.swift; path = Profile.swift; sourceTree = "<group>"; };
		02F03E7020C012FC00A20C99 /* StorableContext.swift */ = {isa = PBXFileReference; lastKnownFileType = sourcecode.swift; path = StorableContext.swift; sourceTree = "<group>"; };
		02F03E7220C014B100A20C99 /* Storable.swift */ = {isa = PBXFileReference; lastKnownFileType = sourcecode.swift; path = Storable.swift; sourceTree = "<group>"; };
		02F03E7420C0169600A20C99 /* RealmStorageContext.swift */ = {isa = PBXFileReference; lastKnownFileType = sourcecode.swift; path = RealmStorageContext.swift; sourceTree = "<group>"; };
		02F03E7620C0181A00A20C99 /* RealmStorageContextOperations.swift */ = {isa = PBXFileReference; lastKnownFileType = sourcecode.swift; path = RealmStorageContextOperations.swift; sourceTree = "<group>"; };
		02F48D7121372809000D0A36 /* GSAudio.swift */ = {isa = PBXFileReference; lastKnownFileType = sourcecode.swift; path = GSAudio.swift; sourceTree = "<group>"; };
		02F48D73213735EC000D0A36 /* AudioPlayerLayer.swift */ = {isa = PBXFileReference; lastKnownFileType = sourcecode.swift; path = AudioPlayerLayer.swift; sourceTree = "<group>"; };
		02FF12C02124B17E001A4264 /* ProfileResponse.swift */ = {isa = PBXFileReference; lastKnownFileType = sourcecode.swift; path = ProfileResponse.swift; sourceTree = "<group>"; };
		02FF12C32124C81E001A4264 /* SongResponse.swift */ = {isa = PBXFileReference; lastKnownFileType = sourcecode.swift; path = SongResponse.swift; sourceTree = "<group>"; };
		02FF12C52124C84D001A4264 /* SongsListResponse.swift */ = {isa = PBXFileReference; lastKnownFileType = sourcecode.swift; path = SongsListResponse.swift; sourceTree = "<group>"; };
		02FF12C72124C86A001A4264 /* LevelsResponse.swift */ = {isa = PBXFileReference; lastKnownFileType = sourcecode.swift; path = LevelsResponse.swift; sourceTree = "<group>"; };
		02FF12C92124C881001A4264 /* LevelResponse.swift */ = {isa = PBXFileReference; lastKnownFileType = sourcecode.swift; path = LevelResponse.swift; sourceTree = "<group>"; };
		02FF12CB2124CFE6001A4264 /* ListOfLevelsOperation.swift */ = {isa = PBXFileReference; lastKnownFileType = sourcecode.swift; path = ListOfLevelsOperation.swift; sourceTree = "<group>"; };
		02FF12CD2124D02B001A4264 /* ListOfLevelsRequest.swift */ = {isa = PBXFileReference; lastKnownFileType = sourcecode.swift; path = ListOfLevelsRequest.swift; sourceTree = "<group>"; };
		02FF12CF212A97A0001A4264 /* GameResponse.swift */ = {isa = PBXFileReference; lastKnownFileType = sourcecode.swift; path = GameResponse.swift; sourceTree = "<group>"; };
		02FF12D1212A9881001A4264 /* GamesResponse.swift */ = {isa = PBXFileReference; lastKnownFileType = sourcecode.swift; path = GamesResponse.swift; sourceTree = "<group>"; };
		10E95A2EF5B7252B0A3BCFC5 /* Pods_GuessTheSong.framework */ = {isa = PBXFileReference; explicitFileType = wrapper.framework; includeInIndex = 0; path = Pods_GuessTheSong.framework; sourceTree = BUILT_PRODUCTS_DIR; };
		1674BA00180422A438958E2E /* Pods-GuessTheSong.debug.xcconfig */ = {isa = PBXFileReference; includeInIndex = 1; lastKnownFileType = text.xcconfig; name = "Pods-GuessTheSong.debug.xcconfig"; path = "Pods/Target Support Files/Pods-GuessTheSong/Pods-GuessTheSong.debug.xcconfig"; sourceTree = "<group>"; };
		22E91150352D8D5C12F4BC7C /* Pods-GuessTheSong.release.xcconfig */ = {isa = PBXFileReference; includeInIndex = 1; lastKnownFileType = text.xcconfig; name = "Pods-GuessTheSong.release.xcconfig"; path = "Pods/Target Support Files/Pods-GuessTheSong/Pods-GuessTheSong.release.xcconfig"; sourceTree = "<group>"; };
		5142AE10A04458D80BEBF4D3 /* Pods-GuessTheSong.release-testing.xcconfig */ = {isa = PBXFileReference; includeInIndex = 1; lastKnownFileType = text.xcconfig; name = "Pods-GuessTheSong.release-testing.xcconfig"; path = "Pods/Target Support Files/Pods-GuessTheSong/Pods-GuessTheSong.release-testing.xcconfig"; sourceTree = "<group>"; };
		E7C7260D092C7BF916DCE938 /* Pods-GuessTheSong.debug-testing.xcconfig */ = {isa = PBXFileReference; includeInIndex = 1; lastKnownFileType = text.xcconfig; name = "Pods-GuessTheSong.debug-testing.xcconfig"; path = "Pods/Target Support Files/Pods-GuessTheSong/Pods-GuessTheSong.debug-testing.xcconfig"; sourceTree = "<group>"; };
/* End PBXFileReference section */

/* Begin PBXFrameworksBuildPhase section */
		0246B7542062C0240043506F /* Frameworks */ = {
			isa = PBXFrameworksBuildPhase;
			buildActionMask = 2147483647;
			files = (
				C8971F5C313E5782F276FFE8 /* Pods_GuessTheSong.framework in Frameworks */,
			);
			runOnlyForDeploymentPostprocessing = 0;
		};
/* End PBXFrameworksBuildPhase section */

/* Begin PBXGroup section */
		0246B74E2062C0240043506F = {
			isa = PBXGroup;
			children = (
				0246B7592062C0240043506F /* GuessTheSong */,
				0246B7582062C0240043506F /* Products */,
				8417ACF4DC06F2577B691E58 /* Pods */,
				AD586625267BE0475456C152 /* Frameworks */,
			);
			sourceTree = "<group>";
		};
		0246B7582062C0240043506F /* Products */ = {
			isa = PBXGroup;
			children = (
				0246B7572062C0240043506F /* GuessTheSong.app */,
			);
			name = Products;
			sourceTree = "<group>";
		};
		0246B7592062C0240043506F /* GuessTheSong */ = {
			isa = PBXGroup;
			children = (
				0246B7662062C0240043506F /* Info.plist */,
				025B045F20E0F7630006B7A4 /* Localizable.strings */,
				02F03E6E20C0124D00A20C99 /* DBLayer */,
				0267AE5C20E295AC00E1E14E /* NetworkLayer */,
				02940C092118671C005CE8B7 /* Model */,
				02D001132100AF1900A43EA8 /* Protocol */,
				02D001142100AF3100A43EA8 /* ViewModel */,
				0266E5592062C35500326EF0 /* Controller */,
				0266E5572062C33B00326EF0 /* Views */,
				0266E5582062C34A00326EF0 /* Supporting Files */,
				02CFC40A214A4F980062804B /* Extensions */,
			);
			path = GuessTheSong;
			sourceTree = "<group>";
		};
		0259E5B7214186C20098101E /* Elements */ = {
			isa = PBXGroup;
			children = (
				0259E5B8214186DD0098101E /* UILives.swift */,
				02CBC54B214AEC1F00B88188 /* UIGSButton.swift */,
				021F1CE2213DB7F600A8E010 /* UIAnswers.swift */,
			);
			path = Elements;
			sourceTree = "<group>";
		};
		0263AD1320BF212600BBC32B /* Entities */ = {
			isa = PBXGroup;
			children = (
				0263AD1420BF239500BBC32B /* LevelData.swift */,
			);
			name = Entities;
			path = ..;
			sourceTree = "<group>";
		};
		0266E5572062C33B00326EF0 /* Views */ = {
			isa = PBXGroup;
			children = (
				0246B75E2062C0240043506F /* Main.storyboard */,
				025B046520E0FB1A0006B7A4 /* MenuScreen.storyboard */,
				02D0B87E20C97ED8007CE013 /* MultiPlayerScreen.storyboard */,
				02940C0521182818005CE8B7 /* GameScreen.storyboard */,
			);
			path = Views;
			sourceTree = "<group>";
		};
		0266E5582062C34A00326EF0 /* Supporting Files */ = {
			isa = PBXGroup;
			children = (
				0246B7632062C0240043506F /* LaunchScreen.storyboard */,
				02940C0321181F7B005CE8B7 /* Assets.xcassets */,
				0246B75A2062C0240043506F /* AppDelegate.swift */,
			);
			path = "Supporting Files";
			sourceTree = "<group>";
		};
		0266E5592062C35500326EF0 /* Controller */ = {
			isa = PBXGroup;
			children = (
				0246B75C2062C0240043506F /* MainViewController.swift */,
				0266E55B2062C3A200326EF0 /* LoginViewController.swift */,
				0266E55D2062C3B700326EF0 /* RegistrationViewController.swift */,
				0266E5612062D89200326EF0 /* MenuViewController.swift */,
				02D001152100B44600A43EA8 /* LevelViewCell.swift */,
				025CAD8320945B4B00177A6C /* SinglePlayerLevelsViewController.swift */,
				023E7F4520B15B9000DDFC39 /* PrepareSinglePlayViewController.swift */,
				0220380520CAABCA00AF0B0D /* PrepareMultiPlayViewController.swift */,
				02A02D19211ABEBB00EA1676 /* GamePlayViewController.swift */,
				0259E5C42144078D0098101E /* FinishGameViewController.swift */,
				0259E5B7214186C20098101E /* Elements */,
			);
			path = Controller;
			sourceTree = "<group>";
		};
		0267AE5C20E295AC00E1E14E /* NetworkLayer */ = {
			isa = PBXGroup;
			children = (
				02957C9C20FF3F5400E3F231 /* Backend */,
				02957CA320FF706A00E3F231 /* Core Network */,
				02CD0F3E2100AD4000C5B941 /* Requests */,
				02FF12C22124B236001A4264 /* Response */,
				02CD0F3D2100AD3700C5B941 /* Operations */,
			);
			path = NetworkLayer;
			sourceTree = "<group>";
		};
		02940C092118671C005CE8B7 /* Model */ = {
			isa = PBXGroup;
			children = (
				0241AA3B206E7BEA00AD078D /* Socket_API.swift */,
				0241AA3D206E7FE100AD078D /* ResponseMessage.swift */,
				02B465AC2075635D0009667E /* LoginRequest.swift */,
				02B465AE207563750009667E /* RegisterRequest.swift */,
				025CAD8720945CDF00177A6C /* Level.swift */,
				02E5BCE1207A3F5000272CFD /* Profile.swift */,
				02940C0C21186BDB005CE8B7 /* UserProfile.swift */,
				02D553EB20CE73DE009F1FE6 /* GameRequest.swift */,
				02940C0A21186782005CE8B7 /* FullDataLevel.swift */,
			);
			path = Model;
			sourceTree = "<group>";
		};
		02957C9C20FF3F5400E3F231 /* Backend */ = {
			isa = PBXGroup;
			children = (
				0267AE5D20E296DB00E1E14E /* BackendAPIRequest.swift */,
				024F9CDC20E2E5A600935310 /* BackendConfiguration.swift */,
				024F9CDE20E2E6EF00935310 /* ServiceOperation.swift */,
				02957C9820FF387400E3F231 /* BackendService.swift */,
				02957C9A20FF3E6400E3F231 /* NetworkBackendService.swift */,
			);
			path = Backend;
			sourceTree = "<group>";
		};
		02957CA320FF706A00E3F231 /* Core Network */ = {
			isa = PBXGroup;
			children = (
				0267AE5F20E2984900E1E14E /* NetworkService.swift */,
				02957C9F20FF6A9E00E3F231 /* NetworkQueryGenerator.swift */,
				02957C9D20FF41CA00E3F231 /* NetworkOperation.swift */,
				02957CA120FF6FF200E3F231 /* NetworkQueue.swift */,
			);
			path = "Core Network";
			sourceTree = "<group>";
		};
		02CD0F3D2100AD3700C5B941 /* Operations */ = {
			isa = PBXGroup;
			children = (
				02CD0F3B2100AC0400C5B941 /* SignInOperation.swift */,
				02743AF8210218B60031322D /* SignUpOperation.swift */,
				02940C0E21186CE4005CE8B7 /* ProfileInfoOperation.swift */,
				02A02D112119A09800EA1676 /* FullLevelOperation.swift */,
				023D67A1213E6CC6005D13CE /* FinishGameOperation.swift */,
				02FF12CB2124CFE6001A4264 /* ListOfLevelsOperation.swift */,
				02A02D152119ADF600EA1676 /* DownloadMusicOperation.swift */,
			);
			path = Operations;
			sourceTree = "<group>";
		};
		02CD0F3E2100AD4000C5B941 /* Requests */ = {
			isa = PBXGroup;
			children = (
				02957CA420FF711500E3F231 /* SignInRequest.swift */,
				02743AFC21021B0F0031322D /* SinglePlayerLevelsRequest.swift */,
				02CBC547214AB65100B88188 /* MultiPlayerRequest.swift */,
				02743AFE21021BB70031322D /* ProfileRequest.swift */,
				02743B0021021C0F0031322D /* LevelOfUserRequest.swift */,
				02743B0221021C7E0031322D /* UpdateLevelOfUserRequest.swift */,
				02A02D132119A0D400EA1676 /* LevelInfoRequest.swift */,
				02FF12CD2124D02B001A4264 /* ListOfLevelsRequest.swift */,
				02743AFA210219230031322D /* SignUpRequest.swift */,
				02A02D172119AE1D00EA1676 /* DownloadMusicRequest.swift */,
				023D679D213E6A91005D13CE /* FinishGameRequest.swift */,
			);
			path = Requests;
			sourceTree = "<group>";
		};
		02CFC40A214A4F980062804B /* Extensions */ = {
			isa = PBXGroup;
			children = (
				02BDC2FB20CB09630072D868 /* AppDelegateEx.swift */,
				02CFC40B214A4FE40062804B /* NotificationName + Extension.swift */,
				021F1CE0213DB1E200A8E010 /* UIColor+Extension.swift */,
			);
			path = Extensions;
			sourceTree = "<group>";
		};
		02D001132100AF1900A43EA8 /* Protocol */ = {
			isa = PBXGroup;
			children = (
				02D0010D2100AED000A43EA8 /* MainModelType.swift */,
				02D001032100AE1B00A43EA8 /* SignInModelType.swift */,
				02D001072100AE6500A43EA8 /* SignUpModelType.swift */,
				02D0010F2100AEDC00A43EA8 /* MenuModelType.swift */,
				02884CF7211415CC00309B06 /* LevelsCollectionModelType.swift */,
				02884CF92114161900309B06 /* CollectionViewCellModelType.swift */,
				02884CFD2114169400309B06 /* PrepareGameModelType.swift */,
				02A631262114E9BF002A96E3 /* SinglePlayModelType.swift */,
				0259E5C821440FDA0098101E /* FinishGameModelType.swift */,
				0259E5CA21441B9F0098101E /* WaitingRoomMultiPlayModelType.swift */,
			);
			path = Protocol;
			sourceTree = "<group>";
		};
		02D001142100AF3100A43EA8 /* ViewModel */ = {
			isa = PBXGroup;
			children = (
				02D0010B2100AEC100A43EA8 /* MainViewModel.swift */,
				02D001052100AE2C00A43EA8 /* SignInViewModel.swift */,
				02D001092100AE9000A43EA8 /* SignUpViewModel.swift */,
				02D001112100AEE500A43EA8 /* MenuViewModel.swift */,
				02884CF5211415A500309B06 /* LevelsOfSinglePlayViewModel.swift */,
				02884CFB2114165200309B06 /* CollectionViewCellViewModel.swift */,
				02A631242114E998002A96E3 /* PrepareSinglePlayViewModel.swift */,
				02A631282114E9CD002A96E3 /* SinglePlayViewModel.swift */,
				0259E5C621440FB10098101E /* FinishGameViewModel.swift */,
				0259E5CC21441BB40098101E /* WaitingRoomMultiPlayViewModel.swift */,
				02F48D73213735EC000D0A36 /* AudioPlayerLayer.swift */,
				02F48D7121372809000D0A36 /* GSAudio.swift */,
				023D679B213DCCDF005D13CE /* Box.swift */,
			);
			path = ViewModel;
			sourceTree = "<group>";
		};
		02F03E6E20C0124D00A20C99 /* DBLayer */ = {
			isa = PBXGroup;
			children = (
				02F03E7220C014B100A20C99 /* Storable.swift */,
				02F03E7020C012FC00A20C99 /* StorableContext.swift */,
				0263AD1320BF212600BBC32B /* Entities */,
				02F03E6F20C0127900A20C99 /* Realm */,
			);
			path = DBLayer;
			sourceTree = "<group>";
		};
		02F03E6F20C0127900A20C99 /* Realm */ = {
			isa = PBXGroup;
			children = (
				02F03E7420C0169600A20C99 /* RealmStorageContext.swift */,
				02F03E7620C0181A00A20C99 /* RealmStorageContextOperations.swift */,
			);
			path = Realm;
			sourceTree = "<group>";
		};
		02FF12C22124B236001A4264 /* Response */ = {
			isa = PBXGroup;
			children = (
				027A4AD821235FA8007C0036 /* SignInResponse.swift */,
				027A4ADA21236057007C0036 /* SignUpResponse.swift */,
				02FF12C02124B17E001A4264 /* ProfileResponse.swift */,
				02FF12C32124C81E001A4264 /* SongResponse.swift */,
				02CBC549214AB6A300B88188 /* MultiPlayerResponse.swift */,
				02FF12C52124C84D001A4264 /* SongsListResponse.swift */,
				02FF12C72124C86A001A4264 /* LevelsResponse.swift */,
				02FF12C92124C881001A4264 /* LevelResponse.swift */,
				02FF12CF212A97A0001A4264 /* GameResponse.swift */,
				02FF12D1212A9881001A4264 /* GamesResponse.swift */,
				023D679F213E6BFB005D13CE /* FinishGameResponse.swift */,
			);
			path = Response;
			sourceTree = "<group>";
		};
		8417ACF4DC06F2577B691E58 /* Pods */ = {
			isa = PBXGroup;
			children = (
				1674BA00180422A438958E2E /* Pods-GuessTheSong.debug.xcconfig */,
				22E91150352D8D5C12F4BC7C /* Pods-GuessTheSong.release.xcconfig */,
				E7C7260D092C7BF916DCE938 /* Pods-GuessTheSong.debug-testing.xcconfig */,
				5142AE10A04458D80BEBF4D3 /* Pods-GuessTheSong.release-testing.xcconfig */,
			);
			name = Pods;
			sourceTree = "<group>";
		};
		AD586625267BE0475456C152 /* Frameworks */ = {
			isa = PBXGroup;
			children = (
				10E95A2EF5B7252B0A3BCFC5 /* Pods_GuessTheSong.framework */,
			);
			name = Frameworks;
			sourceTree = "<group>";
		};
/* End PBXGroup section */

/* Begin PBXNativeTarget section */
		0246B7562062C0240043506F /* GuessTheSong */ = {
			isa = PBXNativeTarget;
			buildConfigurationList = 0246B7692062C0240043506F /* Build configuration list for PBXNativeTarget "GuessTheSong" */;
			buildPhases = (
				42E92F5A82228CD36C7891A7 /* [CP] Check Pods Manifest.lock */,
				0246B7532062C0240043506F /* Sources */,
				0246B7542062C0240043506F /* Frameworks */,
				0246B7552062C0240043506F /* Resources */,
				D28AE8C6C23117E47D46B859 /* [CP] Embed Pods Frameworks */,
				476A0CE2AE3B44CAE7488900 /* [CP] Copy Pods Resources */,
			);
			buildRules = (
			);
			dependencies = (
			);
			name = GuessTheSong;
			productName = GuessTheSong;
			productReference = 0246B7572062C0240043506F /* GuessTheSong.app */;
			productType = "com.apple.product-type.application";
		};
/* End PBXNativeTarget section */

/* Begin PBXProject section */
		0246B74F2062C0240043506F /* Project object */ = {
			isa = PBXProject;
			attributes = {
				LastSwiftUpdateCheck = 0920;
				LastUpgradeCheck = 0930;
				ORGANIZATIONNAME = "Иван Никитин";
				TargetAttributes = {
					0246B7562062C0240043506F = {
						CreatedOnToolsVersion = 9.2;
						ProvisioningStyle = Automatic;
						SystemCapabilities = {
							com.apple.BackgroundModes = {
								enabled = 1;
							};
						};
					};
				};
			};
			buildConfigurationList = 0246B7522062C0240043506F /* Build configuration list for PBXProject "GuessTheSong" */;
			compatibilityVersion = "Xcode 8.0";
			developmentRegion = en;
			hasScannedForEncodings = 0;
			knownRegions = (
				en,
				Base,
				he,
			);
			mainGroup = 0246B74E2062C0240043506F;
			productRefGroup = 0246B7582062C0240043506F /* Products */;
			projectDirPath = "";
			projectRoot = "";
			targets = (
				0246B7562062C0240043506F /* GuessTheSong */,
			);
		};
/* End PBXProject section */

/* Begin PBXResourcesBuildPhase section */
		0246B7552062C0240043506F /* Resources */ = {
			isa = PBXResourcesBuildPhase;
			buildActionMask = 2147483647;
			files = (
				02940C0621182818005CE8B7 /* GameScreen.storyboard in Resources */,
				0246B7652062C0240043506F /* LaunchScreen.storyboard in Resources */,
				025B046120E0F7630006B7A4 /* Localizable.strings in Resources */,
				025B046320E0FB1A0006B7A4 /* MenuScreen.storyboard in Resources */,
				02D0B87F20C97ED8007CE013 /* MultiPlayerScreen.storyboard in Resources */,
				02940C0421181F7C005CE8B7 /* Assets.xcassets in Resources */,
				0246B7602062C0240043506F /* Main.storyboard in Resources */,
			);
			runOnlyForDeploymentPostprocessing = 0;
		};
/* End PBXResourcesBuildPhase section */

/* Begin PBXShellScriptBuildPhase section */
		42E92F5A82228CD36C7891A7 /* [CP] Check Pods Manifest.lock */ = {
			isa = PBXShellScriptBuildPhase;
			buildActionMask = 2147483647;
			files = (
			);
			inputPaths = (
				"${PODS_PODFILE_DIR_PATH}/Podfile.lock",
				"${PODS_ROOT}/Manifest.lock",
			);
			name = "[CP] Check Pods Manifest.lock";
			outputPaths = (
				"$(DERIVED_FILE_DIR)/Pods-GuessTheSong-checkManifestLockResult.txt",
			);
			runOnlyForDeploymentPostprocessing = 0;
			shellPath = /bin/sh;
			shellScript = "diff \"${PODS_PODFILE_DIR_PATH}/Podfile.lock\" \"${PODS_ROOT}/Manifest.lock\" > /dev/null\nif [ $? != 0 ] ; then\n    # print error to STDERR\n    echo \"error: The sandbox is not in sync with the Podfile.lock. Run 'pod install' or update your CocoaPods installation.\" >&2\n    exit 1\nfi\n# This output is used by Xcode 'outputs' to avoid re-running this script phase.\necho \"SUCCESS\" > \"${SCRIPT_OUTPUT_FILE_0}\"\n";
			showEnvVarsInLog = 0;
		};
		476A0CE2AE3B44CAE7488900 /* [CP] Copy Pods Resources */ = {
			isa = PBXShellScriptBuildPhase;
			buildActionMask = 2147483647;
			files = (
			);
			inputPaths = (
				"${SRCROOT}/Pods/Target Support Files/Pods-GuessTheSong/Pods-GuessTheSong-resources.sh",
				"${PODS_ROOT}/GoogleSignIn/Resources/GoogleSignIn.bundle",
			);
			name = "[CP] Copy Pods Resources";
			outputPaths = (
				"${TARGET_BUILD_DIR}/${UNLOCALIZED_RESOURCES_FOLDER_PATH}/GoogleSignIn.bundle",
			);
			runOnlyForDeploymentPostprocessing = 0;
			shellPath = /bin/sh;
			shellScript = "\"${SRCROOT}/Pods/Target Support Files/Pods-GuessTheSong/Pods-GuessTheSong-resources.sh\"\n";
			showEnvVarsInLog = 0;
		};
		D28AE8C6C23117E47D46B859 /* [CP] Embed Pods Frameworks */ = {
			isa = PBXShellScriptBuildPhase;
			buildActionMask = 2147483647;
			files = (
			);
			inputPaths = (
				"${SRCROOT}/Pods/Target Support Files/Pods-GuessTheSong/Pods-GuessTheSong-frameworks.sh",
				"${BUILT_PRODUCTS_DIR}/Alamofire/Alamofire.framework",
				"${BUILT_PRODUCTS_DIR}/Bolts/Bolts.framework",
				"${BUILT_PRODUCTS_DIR}/ChameleonFramework/ChameleonFramework.framework",
				"${BUILT_PRODUCTS_DIR}/FBSDKCoreKit/FBSDKCoreKit.framework",
				"${BUILT_PRODUCTS_DIR}/FBSDKLoginKit/FBSDKLoginKit.framework",
				"${BUILT_PRODUCTS_DIR}/GTMOAuth2/GTMOAuth2.framework",
				"${BUILT_PRODUCTS_DIR}/GTMSessionFetcher/GTMSessionFetcher.framework",
				"${BUILT_PRODUCTS_DIR}/GoogleToolboxForMac/GoogleToolboxForMac.framework",
				"${BUILT_PRODUCTS_DIR}/ProgressHUD/ProgressHUD.framework",
				"${BUILT_PRODUCTS_DIR}/Realm/Realm.framework",
				"${BUILT_PRODUCTS_DIR}/RealmSwift/RealmSwift.framework",
				"${BUILT_PRODUCTS_DIR}/Socket.IO-Client-Swift/SocketIO.framework",
				"${BUILT_PRODUCTS_DIR}/Starscream/Starscream.framework",
				"${BUILT_PRODUCTS_DIR}/SwiftyJSON/SwiftyJSON.framework",
			);
			name = "[CP] Embed Pods Frameworks";
			outputPaths = (
				"${TARGET_BUILD_DIR}/${FRAMEWORKS_FOLDER_PATH}/Alamofire.framework",
				"${TARGET_BUILD_DIR}/${FRAMEWORKS_FOLDER_PATH}/Bolts.framework",
				"${TARGET_BUILD_DIR}/${FRAMEWORKS_FOLDER_PATH}/ChameleonFramework.framework",
				"${TARGET_BUILD_DIR}/${FRAMEWORKS_FOLDER_PATH}/FBSDKCoreKit.framework",
				"${TARGET_BUILD_DIR}/${FRAMEWORKS_FOLDER_PATH}/FBSDKLoginKit.framework",
				"${TARGET_BUILD_DIR}/${FRAMEWORKS_FOLDER_PATH}/GTMOAuth2.framework",
				"${TARGET_BUILD_DIR}/${FRAMEWORKS_FOLDER_PATH}/GTMSessionFetcher.framework",
				"${TARGET_BUILD_DIR}/${FRAMEWORKS_FOLDER_PATH}/GoogleToolboxForMac.framework",
				"${TARGET_BUILD_DIR}/${FRAMEWORKS_FOLDER_PATH}/ProgressHUD.framework",
				"${TARGET_BUILD_DIR}/${FRAMEWORKS_FOLDER_PATH}/Realm.framework",
				"${TARGET_BUILD_DIR}/${FRAMEWORKS_FOLDER_PATH}/RealmSwift.framework",
				"${TARGET_BUILD_DIR}/${FRAMEWORKS_FOLDER_PATH}/SocketIO.framework",
				"${TARGET_BUILD_DIR}/${FRAMEWORKS_FOLDER_PATH}/Starscream.framework",
				"${TARGET_BUILD_DIR}/${FRAMEWORKS_FOLDER_PATH}/SwiftyJSON.framework",
			);
			runOnlyForDeploymentPostprocessing = 0;
			shellPath = /bin/sh;
			shellScript = "\"${SRCROOT}/Pods/Target Support Files/Pods-GuessTheSong/Pods-GuessTheSong-frameworks.sh\"\n";
			showEnvVarsInLog = 0;
		};
/* End PBXShellScriptBuildPhase section */

/* Begin PBXSourcesBuildPhase section */
		0246B7532062C0240043506F /* Sources */ = {
			isa = PBXSourcesBuildPhase;
			buildActionMask = 2147483647;
			files = (
				025CAD8820945CDF00177A6C /* Level.swift in Sources */,
				023D67A0213E6BFB005D13CE /* FinishGameResponse.swift in Sources */,
				02A631272114E9BF002A96E3 /* SinglePlayModelType.swift in Sources */,
				02F48D7221372809000D0A36 /* GSAudio.swift in Sources */,
				02A631292114E9CD002A96E3 /* SinglePlayViewModel.swift in Sources */,
				02A02D182119AE1D00EA1676 /* DownloadMusicRequest.swift in Sources */,
				02743B0321021C7E0031322D /* UpdateLevelOfUserRequest.swift in Sources */,
				02F03E7720C0181A00A20C99 /* RealmStorageContextOperations.swift in Sources */,
				02CBC548214AB65100B88188 /* MultiPlayerRequest.swift in Sources */,
				027A4AD921235FA8007C0036 /* SignInResponse.swift in Sources */,
				02940C0F21186CE4005CE8B7 /* ProfileInfoOperation.swift in Sources */,
				02FF12C82124C86A001A4264 /* LevelsResponse.swift in Sources */,
				02D001082100AE6500A43EA8 /* SignUpModelType.swift in Sources */,
				0266E55C2062C3A200326EF0 /* LoginViewController.swift in Sources */,
				02D001162100B44600A43EA8 /* LevelViewCell.swift in Sources */,
				02CBC54A214AB6A300B88188 /* MultiPlayerResponse.swift in Sources */,
				02BDC2FC20CB09630072D868 /* AppDelegateEx.swift in Sources */,
				02FF12CC2124CFE6001A4264 /* ListOfLevelsOperation.swift in Sources */,
				02D0010C2100AEC100A43EA8 /* MainViewModel.swift in Sources */,
				02A631252114E998002A96E3 /* PrepareSinglePlayViewModel.swift in Sources */,
				02957C9B20FF3E6400E3F231 /* NetworkBackendService.swift in Sources */,
				02FF12CE2124D02B001A4264 /* ListOfLevelsRequest.swift in Sources */,
				0259E5C721440FB10098101E /* FinishGameViewModel.swift in Sources */,
				0246B75D2062C0240043506F /* MainViewController.swift in Sources */,
				02FF12CA2124C881001A4264 /* LevelResponse.swift in Sources */,
				024F9CDD20E2E5A600935310 /* BackendConfiguration.swift in Sources */,
				0259E5C52144078D0098101E /* FinishGameViewController.swift in Sources */,
				02CBC54C214AEC1F00B88188 /* UIGSButton.swift in Sources */,
				02940C0D21186BDB005CE8B7 /* UserProfile.swift in Sources */,
				027A4ADB21236057007C0036 /* SignUpResponse.swift in Sources */,
				02D001042100AE1B00A43EA8 /* SignInModelType.swift in Sources */,
				02884CFA2114161900309B06 /* CollectionViewCellModelType.swift in Sources */,
				02D001062100AE2C00A43EA8 /* SignInViewModel.swift in Sources */,
				02E5BCE2207A3F5000272CFD /* Profile.swift in Sources */,
				02B465AF207563750009667E /* RegisterRequest.swift in Sources */,
				023D679C213DCCDF005D13CE /* Box.swift in Sources */,
				0266E55E2062C3B700326EF0 /* RegistrationViewController.swift in Sources */,
				02743B0121021C0F0031322D /* LevelOfUserRequest.swift in Sources */,
				02743AF9210218B60031322D /* SignUpOperation.swift in Sources */,
				02FF12C62124C84D001A4264 /* SongsListResponse.swift in Sources */,
				02957C9920FF387400E3F231 /* BackendService.swift in Sources */,
				02A02D122119A09800EA1676 /* FullLevelOperation.swift in Sources */,
				0259E5B9214186DE0098101E /* UILives.swift in Sources */,
				0259E5C921440FDA0098101E /* FinishGameModelType.swift in Sources */,
				02D001122100AEE500A43EA8 /* MenuViewModel.swift in Sources */,
				0267AE6020E2984900E1E14E /* NetworkService.swift in Sources */,
				024F9CDF20E2E6EF00935310 /* ServiceOperation.swift in Sources */,
				023D67A2213E6CC6005D13CE /* FinishGameOperation.swift in Sources */,
				02957CA020FF6A9E00E3F231 /* NetworkQueryGenerator.swift in Sources */,
				02743AFF21021BB70031322D /* ProfileRequest.swift in Sources */,
				02D553EC20CE73DE009F1FE6 /* GameRequest.swift in Sources */,
				02F48D74213735EC000D0A36 /* AudioPlayerLayer.swift in Sources */,
				0246B75B2062C0240043506F /* AppDelegate.swift in Sources */,
				02743AFD21021B0F0031322D /* SinglePlayerLevelsRequest.swift in Sources */,
				02D001102100AEDC00A43EA8 /* MenuModelType.swift in Sources */,
				025CAD8520945B4B00177A6C /* SinglePlayerLevelsViewController.swift in Sources */,
				02F03E7120C012FC00A20C99 /* StorableContext.swift in Sources */,
				02884CF8211415CC00309B06 /* LevelsCollectionModelType.swift in Sources */,
				02A02D162119ADF600EA1676 /* DownloadMusicOperation.swift in Sources */,
				02F03E7320C014B100A20C99 /* Storable.swift in Sources */,
				021F1CE3213DB7F600A8E010 /* UIAnswers.swift in Sources */,
				0267AE5E20E296DB00E1E14E /* BackendAPIRequest.swift in Sources */,
				0241AA3E206E7FE100AD078D /* ResponseMessage.swift in Sources */,
				02743AFB210219230031322D /* SignUpRequest.swift in Sources */,
				02D0010A2100AE9000A43EA8 /* SignUpViewModel.swift in Sources */,
				02957C9E20FF41CA00E3F231 /* NetworkOperation.swift in Sources */,
				02FF12C42124C81E001A4264 /* SongResponse.swift in Sources */,
				02FF12D2212A9881001A4264 /* GamesResponse.swift in Sources */,
				0241AA3C206E7BEB00AD078D /* Socket_API.swift in Sources */,
				0220380620CAABCA00AF0B0D /* PrepareMultiPlayViewController.swift in Sources */,
				0259E5CD21441BB40098101E /* WaitingRoomMultiPlayViewModel.swift in Sources */,
				02CFC40C214A4FE40062804B /* NotificationName + Extension.swift in Sources */,
				02884CFC2114165200309B06 /* CollectionViewCellViewModel.swift in Sources */,
				02FF12D0212A97A0001A4264 /* GameResponse.swift in Sources */,
				02884CF6211415A500309B06 /* LevelsOfSinglePlayViewModel.swift in Sources */,
				0263AD1520BF239500BBC32B /* LevelData.swift in Sources */,
				02957CA220FF6FF200E3F231 /* NetworkQueue.swift in Sources */,
				02A02D1A211ABEBB00EA1676 /* GamePlayViewController.swift in Sources */,
				02A02D142119A0D400EA1676 /* LevelInfoRequest.swift in Sources */,
				02FF12C12124B17E001A4264 /* ProfileResponse.swift in Sources */,
				023E7F4620B15B9000DDFC39 /* PrepareSinglePlayViewController.swift in Sources */,
				023D679E213E6A91005D13CE /* FinishGameRequest.swift in Sources */,
				0266E5622062D89200326EF0 /* MenuViewController.swift in Sources */,
				02F03E7520C0169600A20C99 /* RealmStorageContext.swift in Sources */,
				02CD0F3C2100AC0400C5B941 /* SignInOperation.swift in Sources */,
				0259E5CB21441B9F0098101E /* WaitingRoomMultiPlayModelType.swift in Sources */,
				02940C0B21186783005CE8B7 /* FullDataLevel.swift in Sources */,
				02957CA520FF711500E3F231 /* SignInRequest.swift in Sources */,
				02D0010E2100AED000A43EA8 /* MainModelType.swift in Sources */,
				021F1CE1213DB1E200A8E010 /* UIColor+Extension.swift in Sources */,
				02884CFE2114169400309B06 /* PrepareGameModelType.swift in Sources */,
				02B465AD2075635D0009667E /* LoginRequest.swift in Sources */,
			);
			runOnlyForDeploymentPostprocessing = 0;
		};
/* End PBXSourcesBuildPhase section */

/* Begin PBXVariantGroup section */
		0246B75E2062C0240043506F /* Main.storyboard */ = {
			isa = PBXVariantGroup;
			children = (
				0246B75F2062C0240043506F /* Base */,
				025B045D20E0F68C0006B7A4 /* he */,
			);
			name = Main.storyboard;
			sourceTree = "<group>";
		};
		0246B7632062C0240043506F /* LaunchScreen.storyboard */ = {
			isa = PBXVariantGroup;
			children = (
				0246B7642062C0240043506F /* Base */,
				025B045E20E0F68C0006B7A4 /* he */,
			);
			name = LaunchScreen.storyboard;
			sourceTree = "<group>";
		};
		025B045F20E0F7630006B7A4 /* Localizable.strings */ = {
			isa = PBXVariantGroup;
			children = (
				025B046020E0F7630006B7A4 /* Base */,
				025B046220E0F7810006B7A4 /* he */,
			);
			name = Localizable.strings;
			sourceTree = "<group>";
		};
		025B046520E0FB1A0006B7A4 /* MenuScreen.storyboard */ = {
			isa = PBXVariantGroup;
			children = (
				025B046420E0FB1A0006B7A4 /* Base */,
				025B046720E0FB1F0006B7A4 /* he */,
			);
			name = MenuScreen.storyboard;
			sourceTree = "<group>";
		};
/* End PBXVariantGroup section */

/* Begin XCBuildConfiguration section */
		0246B7672062C0240043506F /* Debug */ = {
			isa = XCBuildConfiguration;
			buildSettings = {
				ALWAYS_SEARCH_USER_PATHS = NO;
				CLANG_ANALYZER_LOCALIZABILITY_NONLOCALIZED = YES;
				CLANG_ANALYZER_NONNULL = YES;
				CLANG_ANALYZER_NUMBER_OBJECT_CONVERSION = YES_AGGRESSIVE;
				CLANG_CXX_LANGUAGE_STANDARD = "gnu++14";
				CLANG_CXX_LIBRARY = "libc++";
				CLANG_ENABLE_MODULES = YES;
				CLANG_ENABLE_OBJC_ARC = YES;
				CLANG_WARN_BLOCK_CAPTURE_AUTORELEASING = YES;
				CLANG_WARN_BOOL_CONVERSION = YES;
				CLANG_WARN_COMMA = YES;
				CLANG_WARN_CONSTANT_CONVERSION = YES;
				CLANG_WARN_DEPRECATED_OBJC_IMPLEMENTATIONS = YES;
				CLANG_WARN_DIRECT_OBJC_ISA_USAGE = YES_ERROR;
				CLANG_WARN_DOCUMENTATION_COMMENTS = YES;
				CLANG_WARN_EMPTY_BODY = YES;
				CLANG_WARN_ENUM_CONVERSION = YES;
				CLANG_WARN_INFINITE_RECURSION = YES;
				CLANG_WARN_INT_CONVERSION = YES;
				CLANG_WARN_NON_LITERAL_NULL_CONVERSION = YES;
				CLANG_WARN_OBJC_IMPLICIT_RETAIN_SELF = YES;
				CLANG_WARN_OBJC_LITERAL_CONVERSION = YES;
				CLANG_WARN_OBJC_ROOT_CLASS = YES_ERROR;
				CLANG_WARN_RANGE_LOOP_ANALYSIS = YES;
				CLANG_WARN_STRICT_PROTOTYPES = YES;
				CLANG_WARN_SUSPICIOUS_MOVE = YES;
				CLANG_WARN_UNGUARDED_AVAILABILITY = YES_AGGRESSIVE;
				CLANG_WARN_UNREACHABLE_CODE = YES;
				CLANG_WARN__DUPLICATE_METHOD_MATCH = YES;
				CODE_SIGN_IDENTITY = "iPhone Developer";
				COPY_PHASE_STRIP = NO;
				DEBUG_INFORMATION_FORMAT = dwarf;
				ENABLE_STRICT_OBJC_MSGSEND = YES;
				ENABLE_TESTABILITY = YES;
				ENVIRONMENT_NAME = Debug;
				GCC_C_LANGUAGE_STANDARD = gnu11;
				GCC_DYNAMIC_NO_PIC = NO;
				GCC_NO_COMMON_BLOCKS = YES;
				GCC_OPTIMIZATION_LEVEL = 0;
				GCC_PREPROCESSOR_DEFINITIONS = (
					"DEBUG=1",
					"$(inherited)",
				);
				GCC_WARN_64_TO_32_BIT_CONVERSION = YES;
				GCC_WARN_ABOUT_RETURN_TYPE = YES_ERROR;
				GCC_WARN_UNDECLARED_SELECTOR = YES;
				GCC_WARN_UNINITIALIZED_AUTOS = YES_AGGRESSIVE;
				GCC_WARN_UNUSED_FUNCTION = YES;
				GCC_WARN_UNUSED_VARIABLE = YES;
				HOST_NAME = "http://89.223.93.117:8000";
				IPHONEOS_DEPLOYMENT_TARGET = 11.2;
				MTL_ENABLE_DEBUG_INFO = YES;
				ONLY_ACTIVE_ARCH = YES;
				SDKROOT = iphoneos;
				SWIFT_ACTIVE_COMPILATION_CONDITIONS = DEBUG;
				SWIFT_OPTIMIZATION_LEVEL = "-Onone";
			};
			name = Debug;
		};
		0246B7682062C0240043506F /* Release */ = {
			isa = XCBuildConfiguration;
			buildSettings = {
				ALWAYS_SEARCH_USER_PATHS = NO;
				CLANG_ANALYZER_LOCALIZABILITY_NONLOCALIZED = YES;
				CLANG_ANALYZER_NONNULL = YES;
				CLANG_ANALYZER_NUMBER_OBJECT_CONVERSION = YES_AGGRESSIVE;
				CLANG_CXX_LANGUAGE_STANDARD = "gnu++14";
				CLANG_CXX_LIBRARY = "libc++";
				CLANG_ENABLE_MODULES = YES;
				CLANG_ENABLE_OBJC_ARC = YES;
				CLANG_WARN_BLOCK_CAPTURE_AUTORELEASING = YES;
				CLANG_WARN_BOOL_CONVERSION = YES;
				CLANG_WARN_COMMA = YES;
				CLANG_WARN_CONSTANT_CONVERSION = YES;
				CLANG_WARN_DEPRECATED_OBJC_IMPLEMENTATIONS = YES;
				CLANG_WARN_DIRECT_OBJC_ISA_USAGE = YES_ERROR;
				CLANG_WARN_DOCUMENTATION_COMMENTS = YES;
				CLANG_WARN_EMPTY_BODY = YES;
				CLANG_WARN_ENUM_CONVERSION = YES;
				CLANG_WARN_INFINITE_RECURSION = YES;
				CLANG_WARN_INT_CONVERSION = YES;
				CLANG_WARN_NON_LITERAL_NULL_CONVERSION = YES;
				CLANG_WARN_OBJC_IMPLICIT_RETAIN_SELF = YES;
				CLANG_WARN_OBJC_LITERAL_CONVERSION = YES;
				CLANG_WARN_OBJC_ROOT_CLASS = YES_ERROR;
				CLANG_WARN_RANGE_LOOP_ANALYSIS = YES;
				CLANG_WARN_STRICT_PROTOTYPES = YES;
				CLANG_WARN_SUSPICIOUS_MOVE = YES;
				CLANG_WARN_UNGUARDED_AVAILABILITY = YES_AGGRESSIVE;
				CLANG_WARN_UNREACHABLE_CODE = YES;
				CLANG_WARN__DUPLICATE_METHOD_MATCH = YES;
				CODE_SIGN_IDENTITY = "iPhone Developer";
				COPY_PHASE_STRIP = NO;
				DEBUG_INFORMATION_FORMAT = "dwarf-with-dsym";
				ENABLE_NS_ASSERTIONS = NO;
				ENABLE_STRICT_OBJC_MSGSEND = YES;
				ENVIRONMENT_NAME = Release;
				GCC_C_LANGUAGE_STANDARD = gnu11;
				GCC_NO_COMMON_BLOCKS = YES;
				GCC_WARN_64_TO_32_BIT_CONVERSION = YES;
				GCC_WARN_ABOUT_RETURN_TYPE = YES_ERROR;
				GCC_WARN_UNDECLARED_SELECTOR = YES;
				GCC_WARN_UNINITIALIZED_AUTOS = YES_AGGRESSIVE;
				GCC_WARN_UNUSED_FUNCTION = YES;
				GCC_WARN_UNUSED_VARIABLE = YES;
				HOST_NAME = "http://89.223.93.117:8000";
				IPHONEOS_DEPLOYMENT_TARGET = 11.2;
				MTL_ENABLE_DEBUG_INFO = NO;
				SDKROOT = iphoneos;
				SWIFT_OPTIMIZATION_LEVEL = "-Owholemodule";
				VALIDATE_PRODUCT = YES;
			};
			name = Release;
		};
		0246B76A2062C0240043506F /* Debug */ = {
			isa = XCBuildConfiguration;
			baseConfigurationReference = 1674BA00180422A438958E2E /* Pods-GuessTheSong.debug.xcconfig */;
			buildSettings = {
				ASSETCATALOG_COMPILER_APPICON_NAME = AppIcon;
				CODE_SIGN_STYLE = Automatic;
				DEVELOPMENT_TEAM = C897U44A5R;
				HOST_NAME = "http://89.223.93.117:80";
				INFOPLIST_FILE = GuessTheSong/Info.plist;
				LD_RUNPATH_SEARCH_PATHS = "$(inherited) @executable_path/Frameworks";
				PRODUCT_BUNDLE_IDENTIFIER = "com.nikmc-i.GuessTheSong";
				PRODUCT_NAME = "$(TARGET_NAME)";
				SWIFT_VERSION = 4.0;
				TARGETED_DEVICE_FAMILY = "1,2";
			};
			name = Debug;
		};
		0246B76B2062C0240043506F /* Release */ = {
			isa = XCBuildConfiguration;
			baseConfigurationReference = 22E91150352D8D5C12F4BC7C /* Pods-GuessTheSong.release.xcconfig */;
			buildSettings = {
				ASSETCATALOG_COMPILER_APPICON_NAME = AppIcon;
				CODE_SIGN_STYLE = Automatic;
				DEVELOPMENT_TEAM = C897U44A5R;
				HOST_NAME = "http://89.223.93.117:80";
				INFOPLIST_FILE = GuessTheSong/Info.plist;
				LD_RUNPATH_SEARCH_PATHS = "$(inherited) @executable_path/Frameworks";
				PRODUCT_BUNDLE_IDENTIFIER = "com.nikmc-i.GuessTheSong";
				PRODUCT_NAME = "$(TARGET_NAME)";
				SWIFT_VERSION = 4.0;
				TARGETED_DEVICE_FAMILY = "1,2";
			};
			name = Release;
		};
		02E5BCDD207A17FC00272CFD /* Debug-Testing */ = {
			isa = XCBuildConfiguration;
			buildSettings = {
				ALWAYS_SEARCH_USER_PATHS = NO;
				CLANG_ANALYZER_LOCALIZABILITY_NONLOCALIZED = YES;
				CLANG_ANALYZER_NONNULL = YES;
				CLANG_ANALYZER_NUMBER_OBJECT_CONVERSION = YES_AGGRESSIVE;
				CLANG_CXX_LANGUAGE_STANDARD = "gnu++14";
				CLANG_CXX_LIBRARY = "libc++";
				CLANG_ENABLE_MODULES = YES;
				CLANG_ENABLE_OBJC_ARC = YES;
				CLANG_WARN_BLOCK_CAPTURE_AUTORELEASING = YES;
				CLANG_WARN_BOOL_CONVERSION = YES;
				CLANG_WARN_COMMA = YES;
				CLANG_WARN_CONSTANT_CONVERSION = YES;
				CLANG_WARN_DEPRECATED_OBJC_IMPLEMENTATIONS = YES;
				CLANG_WARN_DIRECT_OBJC_ISA_USAGE = YES_ERROR;
				CLANG_WARN_DOCUMENTATION_COMMENTS = YES;
				CLANG_WARN_EMPTY_BODY = YES;
				CLANG_WARN_ENUM_CONVERSION = YES;
				CLANG_WARN_INFINITE_RECURSION = YES;
				CLANG_WARN_INT_CONVERSION = YES;
				CLANG_WARN_NON_LITERAL_NULL_CONVERSION = YES;
				CLANG_WARN_OBJC_IMPLICIT_RETAIN_SELF = YES;
				CLANG_WARN_OBJC_LITERAL_CONVERSION = YES;
				CLANG_WARN_OBJC_ROOT_CLASS = YES_ERROR;
				CLANG_WARN_RANGE_LOOP_ANALYSIS = YES;
				CLANG_WARN_STRICT_PROTOTYPES = YES;
				CLANG_WARN_SUSPICIOUS_MOVE = YES;
				CLANG_WARN_UNGUARDED_AVAILABILITY = YES_AGGRESSIVE;
				CLANG_WARN_UNREACHABLE_CODE = YES;
				CLANG_WARN__DUPLICATE_METHOD_MATCH = YES;
				CODE_SIGN_IDENTITY = "iPhone Developer";
				COPY_PHASE_STRIP = NO;
				DEBUG_INFORMATION_FORMAT = dwarf;
				ENABLE_STRICT_OBJC_MSGSEND = YES;
				ENABLE_TESTABILITY = YES;
				ENVIRONMENT_NAME = "Debug-Testing";
				GCC_C_LANGUAGE_STANDARD = gnu11;
				GCC_DYNAMIC_NO_PIC = NO;
				GCC_NO_COMMON_BLOCKS = YES;
				GCC_OPTIMIZATION_LEVEL = 0;
				GCC_PREPROCESSOR_DEFINITIONS = (
					"DEBUG=1",
					"$(inherited)",
				);
				GCC_WARN_64_TO_32_BIT_CONVERSION = YES;
				GCC_WARN_ABOUT_RETURN_TYPE = YES_ERROR;
				GCC_WARN_UNDECLARED_SELECTOR = YES;
				GCC_WARN_UNINITIALIZED_AUTOS = YES_AGGRESSIVE;
				GCC_WARN_UNUSED_FUNCTION = YES;
				GCC_WARN_UNUSED_VARIABLE = YES;
				HOST_NAME = "http://89.223.93.117:8000";
				IPHONEOS_DEPLOYMENT_TARGET = 11.2;
				MTL_ENABLE_DEBUG_INFO = YES;
				ONLY_ACTIVE_ARCH = YES;
				SDKROOT = iphoneos;
				SWIFT_ACTIVE_COMPILATION_CONDITIONS = DEBUG;
				SWIFT_OPTIMIZATION_LEVEL = "-Onone";
			};
			name = "Debug-Testing";
		};
		02E5BCDE207A17FC00272CFD /* Debug-Testing */ = {
			isa = XCBuildConfiguration;
			baseConfigurationReference = E7C7260D092C7BF916DCE938 /* Pods-GuessTheSong.debug-testing.xcconfig */;
			buildSettings = {
				ASSETCATALOG_COMPILER_APPICON_NAME = AppIcon;
				CODE_SIGN_STYLE = Automatic;
				DEVELOPMENT_TEAM = C897U44A5R;
				HOST_NAME = "http://89.223.93.117:80";
				INFOPLIST_FILE = GuessTheSong/Info.plist;
				LD_RUNPATH_SEARCH_PATHS = "$(inherited) @executable_path/Frameworks";
				PRODUCT_BUNDLE_IDENTIFIER = "com.nikmc-i.GuessTheSong";
				PRODUCT_NAME = "$(TARGET_NAME)";
				SWIFT_VERSION = 4.0;
				TARGETED_DEVICE_FAMILY = "1,2";
			};
			name = "Debug-Testing";
		};
		02E5BCDF207A180600272CFD /* Release-Testing */ = {
			isa = XCBuildConfiguration;
			buildSettings = {
				ALWAYS_SEARCH_USER_PATHS = NO;
				CLANG_ANALYZER_LOCALIZABILITY_NONLOCALIZED = YES;
				CLANG_ANALYZER_NONNULL = YES;
				CLANG_ANALYZER_NUMBER_OBJECT_CONVERSION = YES_AGGRESSIVE;
				CLANG_CXX_LANGUAGE_STANDARD = "gnu++14";
				CLANG_CXX_LIBRARY = "libc++";
				CLANG_ENABLE_MODULES = YES;
				CLANG_ENABLE_OBJC_ARC = YES;
				CLANG_WARN_BLOCK_CAPTURE_AUTORELEASING = YES;
				CLANG_WARN_BOOL_CONVERSION = YES;
				CLANG_WARN_COMMA = YES;
				CLANG_WARN_CONSTANT_CONVERSION = YES;
				CLANG_WARN_DEPRECATED_OBJC_IMPLEMENTATIONS = YES;
				CLANG_WARN_DIRECT_OBJC_ISA_USAGE = YES_ERROR;
				CLANG_WARN_DOCUMENTATION_COMMENTS = YES;
				CLANG_WARN_EMPTY_BODY = YES;
				CLANG_WARN_ENUM_CONVERSION = YES;
				CLANG_WARN_INFINITE_RECURSION = YES;
				CLANG_WARN_INT_CONVERSION = YES;
				CLANG_WARN_NON_LITERAL_NULL_CONVERSION = YES;
				CLANG_WARN_OBJC_IMPLICIT_RETAIN_SELF = YES;
				CLANG_WARN_OBJC_LITERAL_CONVERSION = YES;
				CLANG_WARN_OBJC_ROOT_CLASS = YES_ERROR;
				CLANG_WARN_RANGE_LOOP_ANALYSIS = YES;
				CLANG_WARN_STRICT_PROTOTYPES = YES;
				CLANG_WARN_SUSPICIOUS_MOVE = YES;
				CLANG_WARN_UNGUARDED_AVAILABILITY = YES_AGGRESSIVE;
				CLANG_WARN_UNREACHABLE_CODE = YES;
				CLANG_WARN__DUPLICATE_METHOD_MATCH = YES;
				CODE_SIGN_IDENTITY = "iPhone Developer";
				COPY_PHASE_STRIP = NO;
				DEBUG_INFORMATION_FORMAT = "dwarf-with-dsym";
				ENABLE_NS_ASSERTIONS = NO;
				ENABLE_STRICT_OBJC_MSGSEND = YES;
				ENVIRONMENT_NAME = "Release-Testing";
				GCC_C_LANGUAGE_STANDARD = gnu11;
				GCC_NO_COMMON_BLOCKS = YES;
				GCC_WARN_64_TO_32_BIT_CONVERSION = YES;
				GCC_WARN_ABOUT_RETURN_TYPE = YES_ERROR;
				GCC_WARN_UNDECLARED_SELECTOR = YES;
				GCC_WARN_UNINITIALIZED_AUTOS = YES_AGGRESSIVE;
				GCC_WARN_UNUSED_FUNCTION = YES;
				GCC_WARN_UNUSED_VARIABLE = YES;
				HOST_NAME = "http://89.223.93.117:8000";
				IPHONEOS_DEPLOYMENT_TARGET = 11.2;
				MTL_ENABLE_DEBUG_INFO = NO;
				SDKROOT = iphoneos;
				SWIFT_OPTIMIZATION_LEVEL = "-Owholemodule";
				VALIDATE_PRODUCT = YES;
			};
			name = "Release-Testing";
		};
		02E5BCE0207A180600272CFD /* Release-Testing */ = {
			isa = XCBuildConfiguration;
			baseConfigurationReference = 5142AE10A04458D80BEBF4D3 /* Pods-GuessTheSong.release-testing.xcconfig */;
			buildSettings = {
				ASSETCATALOG_COMPILER_APPICON_NAME = AppIcon;
				CODE_SIGN_STYLE = Automatic;
				DEVELOPMENT_TEAM = C897U44A5R;
				HOST_NAME = "http://89.223.93.117:80";
				INFOPLIST_FILE = GuessTheSong/Info.plist;
				LD_RUNPATH_SEARCH_PATHS = "$(inherited) @executable_path/Frameworks";
				PRODUCT_BUNDLE_IDENTIFIER = "com.nikmc-i.GuessTheSong";
				PRODUCT_NAME = "$(TARGET_NAME)";
				SWIFT_VERSION = 4.0;
				TARGETED_DEVICE_FAMILY = "1,2";
			};
			name = "Release-Testing";
		};
/* End XCBuildConfiguration section */

/* Begin XCConfigurationList section */
		0246B7522062C0240043506F /* Build configuration list for PBXProject "GuessTheSong" */ = {
			isa = XCConfigurationList;
			buildConfigurations = (
				0246B7672062C0240043506F /* Debug */,
				02E5BCDD207A17FC00272CFD /* Debug-Testing */,
				0246B7682062C0240043506F /* Release */,
				02E5BCDF207A180600272CFD /* Release-Testing */,
			);
			defaultConfigurationIsVisible = 0;
			defaultConfigurationName = Release;
		};
		0246B7692062C0240043506F /* Build configuration list for PBXNativeTarget "GuessTheSong" */ = {
			isa = XCConfigurationList;
			buildConfigurations = (
				0246B76A2062C0240043506F /* Debug */,
				02E5BCDE207A17FC00272CFD /* Debug-Testing */,
				0246B76B2062C0240043506F /* Release */,
				02E5BCE0207A180600272CFD /* Release-Testing */,
			);
			defaultConfigurationIsVisible = 0;
			defaultConfigurationName = Release;
		};
/* End XCConfigurationList section */
	};
	rootObject = 0246B74F2062C0240043506F /* Project object */;
}
